// !$*UTF8*$!
{
	archiveVersion = 1;
	classes = {
	};
	objectVersion = 55;
	objects = {

/* Begin PBXBuildFile section */
		3107A7C928813EB600A05FD3 /* main.cpp in Sources */ = {isa = PBXBuildFile; fileRef = 3107A7C828813EB600A05FD3 /* main.cpp */; };
		3107A7D9288162A100A05FD3 /* triangle_mesh.cpp in Sources */ = {isa = PBXBuildFile; fileRef = 3107A7D0288162A100A05FD3 /* triangle_mesh.cpp */; };
		3107A7DA288162A100A05FD3 /* matrix.cpp in Sources */ = {isa = PBXBuildFile; fileRef = 3107A7D1288162A100A05FD3 /* matrix.cpp */; };
		3107A7DB288162A100A05FD3 /* glCanvas.cpp in Sources */ = {isa = PBXBuildFile; fileRef = 3107A7D6288162A100A05FD3 /* glCanvas.cpp */; };
		3107A7DC288162A100A05FD3 /* spline_parser.cpp in Sources */ = {isa = PBXBuildFile; fileRef = 3107A7D8288162A100A05FD3 /* spline_parser.cpp */; };
		3107A7DF2881638300A05FD3 /* OpenGL.framework in Frameworks */ = {isa = PBXBuildFile; fileRef = 3107A7DE2881638300A05FD3 /* OpenGL.framework */; };
		3107A7E12881638800A05FD3 /* GLUT.framework in Frameworks */ = {isa = PBXBuildFile; fileRef = 3107A7E02881638800A05FD3 /* GLUT.framework */; };
		3107A7FF2881693300A05FD3 /* bezier_curve.cpp in Sources */ = {isa = PBXBuildFile; fileRef = 3107A7FD2881693300A05FD3 /* bezier_curve.cpp */; };
		3107A8022881695100A05FD3 /* bspline_curve.cpp in Sources */ = {isa = PBXBuildFile; fileRef = 3107A8002881695100A05FD3 /* bspline_curve.cpp */; };
		3107A80B28817F9B00A05FD3 /* bezier_patch.cpp in Sources */ = {isa = PBXBuildFile; fileRef = 3107A80928817F9B00A05FD3 /* bezier_patch.cpp */; };
		31CCA3E02887F01800A7A044 /* spline.cpp in Sources */ = {isa = PBXBuildFile; fileRef = 31CCA3DF2887F01800A7A044 /* spline.cpp */; };
/* End PBXBuildFile section */

/* Begin PBXCopyFilesBuildPhase section */
		3107A7C328813EB600A05FD3 /* CopyFiles */ = {
			isa = PBXCopyFilesBuildPhase;
			buildActionMask = 2147483647;
			dstPath = /usr/share/man/man1/;
			dstSubfolderSpec = 0;
			files = (
			);
			runOnlyForDeploymentPostprocessing = 1;
		};
/* End PBXCopyFilesBuildPhase section */

/* Begin PBXFileReference section */
		3107A7C528813EB600A05FD3 /* Assignment8 */ = {isa = PBXFileReference; explicitFileType = "compiled.mach-o.executable"; includeInIndex = 0; path = Assignment8; sourceTree = BUILT_PRODUCTS_DIR; };
		3107A7C828813EB600A05FD3 /* main.cpp */ = {isa = PBXFileReference; lastKnownFileType = sourcecode.cpp.cpp; path = main.cpp; sourceTree = "<group>"; };
		3107A7CF288162A100A05FD3 /* arg_parser.hpp */ = {isa = PBXFileReference; fileEncoding = 4; lastKnownFileType = sourcecode.cpp.h; path = arg_parser.hpp; sourceTree = "<group>"; };
		3107A7D0288162A100A05FD3 /* triangle_mesh.cpp */ = {isa = PBXFileReference; fileEncoding = 4; lastKnownFileType = sourcecode.cpp.cpp; path = triangle_mesh.cpp; sourceTree = "<group>"; };
		3107A7D1288162A100A05FD3 /* matrix.cpp */ = {isa = PBXFileReference; fileEncoding = 4; lastKnownFileType = sourcecode.cpp.cpp; path = matrix.cpp; sourceTree = "<group>"; };
		3107A7D2288162A100A05FD3 /* matrix.hpp */ = {isa = PBXFileReference; fileEncoding = 4; lastKnownFileType = sourcecode.cpp.h; path = matrix.hpp; sourceTree = "<group>"; };
		3107A7D3288162A100A05FD3 /* vectors.hpp */ = {isa = PBXFileReference; fileEncoding = 4; lastKnownFileType = sourcecode.cpp.h; path = vectors.hpp; sourceTree = "<group>"; };
		3107A7D4288162A100A05FD3 /* glCanvas.hpp */ = {isa = PBXFileReference; fileEncoding = 4; lastKnownFileType = sourcecode.cpp.h; path = glCanvas.hpp; sourceTree = "<group>"; };
		3107A7D5288162A100A05FD3 /* triangle_mesh.hpp */ = {isa = PBXFileReference; fileEncoding = 4; lastKnownFileType = sourcecode.cpp.h; path = triangle_mesh.hpp; sourceTree = "<group>"; };
		3107A7D6288162A100A05FD3 /* glCanvas.cpp */ = {isa = PBXFileReference; fileEncoding = 4; lastKnownFileType = sourcecode.cpp.cpp; path = glCanvas.cpp; sourceTree = "<group>"; };
		3107A7D7288162A100A05FD3 /* spline_parser.hpp */ = {isa = PBXFileReference; fileEncoding = 4; lastKnownFileType = sourcecode.cpp.h; path = spline_parser.hpp; sourceTree = "<group>"; };
		3107A7D8288162A100A05FD3 /* spline_parser.cpp */ = {isa = PBXFileReference; fileEncoding = 4; lastKnownFileType = sourcecode.cpp.cpp; path = spline_parser.cpp; sourceTree = "<group>"; };
		3107A7DE2881638300A05FD3 /* OpenGL.framework */ = {isa = PBXFileReference; lastKnownFileType = wrapper.framework; name = OpenGL.framework; path = System/Library/Frameworks/OpenGL.framework; sourceTree = SDKROOT; };
		3107A7E02881638800A05FD3 /* GLUT.framework */ = {isa = PBXFileReference; lastKnownFileType = wrapper.framework; name = GLUT.framework; path = System/Library/Frameworks/GLUT.framework; sourceTree = SDKROOT; };
		3107A7E22881638D00A05FD3 /* Assignment8.entitlements */ = {isa = PBXFileReference; lastKnownFileType = text.plist.entitlements; path = Assignment8.entitlements; sourceTree = "<group>"; };
		3107A7E32881647200A05FD3 /* scene8_08_bezier_patch_high.txt */ = {isa = PBXFileReference; fileEncoding = 4; lastKnownFileType = text; path = scene8_08_bezier_patch_high.txt; sourceTree = "<group>"; };
		3107A7E42881647200A05FD3 /* spline8_08_bezier_patch.txt */ = {isa = PBXFileReference; fileEncoding = 4; lastKnownFileType = text; path = spline8_08_bezier_patch.txt; sourceTree = "<group>"; };
		3107A7E52881647200A05FD3 /* spline8_09_teapot.txt */ = {isa = PBXFileReference; fileEncoding = 4; lastKnownFileType = text; path = spline8_09_teapot.txt; sourceTree = "<group>"; };
		3107A7E62881647200A05FD3 /* scene8_07_vase_low.txt */ = {isa = PBXFileReference; fileEncoding = 4; lastKnownFileType = text; path = scene8_07_vase_low.txt; sourceTree = "<group>"; };
		3107A7E72881647200A05FD3 /* scene8_07_vase_high.txt */ = {isa = PBXFileReference; fileEncoding = 4; lastKnownFileType = text; path = scene8_07_vase_high.txt; sourceTree = "<group>"; };
		3107A7E82881647200A05FD3 /* scene8_09_teapot_high.txt */ = {isa = PBXFileReference; fileEncoding = 4; lastKnownFileType = text; path = scene8_09_teapot_high.txt; sourceTree = "<group>"; };
		3107A7E92881647200A05FD3 /* spline8_07_vase.txt */ = {isa = PBXFileReference; fileEncoding = 4; lastKnownFileType = text; path = spline8_07_vase.txt; sourceTree = "<group>"; };
		3107A7EA2881647200A05FD3 /* scene8_06_torus_high.txt */ = {isa = PBXFileReference; fileEncoding = 4; lastKnownFileType = text; path = scene8_06_torus_high.txt; sourceTree = "<group>"; };
		3107A7EB2881647200A05FD3 /* spline8_02_bspline.txt */ = {isa = PBXFileReference; fileEncoding = 4; lastKnownFileType = text; path = spline8_02_bspline.txt; sourceTree = "<group>"; };
		3107A7EC2881647200A05FD3 /* scene8_09_teapot_low.txt */ = {isa = PBXFileReference; fileEncoding = 4; lastKnownFileType = text; path = scene8_09_teapot_low.txt; sourceTree = "<group>"; };
		3107A7ED2881647200A05FD3 /* scene8_08_bezier_patch_med.txt */ = {isa = PBXFileReference; fileEncoding = 4; lastKnownFileType = text; path = scene8_08_bezier_patch_med.txt; sourceTree = "<group>"; };
		3107A7EE2881647200A05FD3 /* spline8_04_bspline.txt */ = {isa = PBXFileReference; fileEncoding = 4; lastKnownFileType = text; path = spline8_04_bspline.txt; sourceTree = "<group>"; };
		3107A7EF2881647200A05FD3 /* scene8_10_transparent_vase.txt */ = {isa = PBXFileReference; fileEncoding = 4; lastKnownFileType = text; path = scene8_10_transparent_vase.txt; sourceTree = "<group>"; };
		3107A7F02881647200A05FD3 /* spline8_05_bspline_dups.txt */ = {isa = PBXFileReference; fileEncoding = 4; lastKnownFileType = text; path = spline8_05_bspline_dups.txt; sourceTree = "<group>"; };
		3107A7F12881647200A05FD3 /* spline8_06_torus.txt */ = {isa = PBXFileReference; fileEncoding = 4; lastKnownFileType = text; path = spline8_06_torus.txt; sourceTree = "<group>"; };
		3107A7F22881647200A05FD3 /* scene8_11_reflective_teapot.txt */ = {isa = PBXFileReference; fileEncoding = 4; lastKnownFileType = text; path = scene8_11_reflective_teapot.txt; sourceTree = "<group>"; };
		3107A7F32881647200A05FD3 /* scene8_08_bezier_patch_low.txt */ = {isa = PBXFileReference; fileEncoding = 4; lastKnownFileType = text; path = scene8_08_bezier_patch_low.txt; sourceTree = "<group>"; };
		3107A7F42881647200A05FD3 /* spline8_03_bezier.txt */ = {isa = PBXFileReference; fileEncoding = 4; lastKnownFileType = text; path = spline8_03_bezier.txt; sourceTree = "<group>"; };
		3107A7F52881647200A05FD3 /* spline8_01_bezier.txt */ = {isa = PBXFileReference; fileEncoding = 4; lastKnownFileType = text; path = spline8_01_bezier.txt; sourceTree = "<group>"; };
		3107A7F62881647200A05FD3 /* scene8_06_torus_low.txt */ = {isa = PBXFileReference; fileEncoding = 4; lastKnownFileType = text; path = scene8_06_torus_low.txt; sourceTree = "<group>"; };
		3107A7FB2881666000A05FD3 /* curve.hpp */ = {isa = PBXFileReference; lastKnownFileType = sourcecode.cpp.h; path = curve.hpp; sourceTree = "<group>"; };
		3107A7FD2881693300A05FD3 /* bezier_curve.cpp */ = {isa = PBXFileReference; lastKnownFileType = sourcecode.cpp.cpp; path = bezier_curve.cpp; sourceTree = "<group>"; };
		3107A7FE2881693300A05FD3 /* bezier_curve.hpp */ = {isa = PBXFileReference; lastKnownFileType = sourcecode.cpp.h; path = bezier_curve.hpp; sourceTree = "<group>"; };
		3107A8002881695100A05FD3 /* bspline_curve.cpp */ = {isa = PBXFileReference; lastKnownFileType = sourcecode.cpp.cpp; path = bspline_curve.cpp; sourceTree = "<group>"; };
		3107A8012881695100A05FD3 /* bspline_curve.hpp */ = {isa = PBXFileReference; lastKnownFileType = sourcecode.cpp.h; path = bspline_curve.hpp; sourceTree = "<group>"; };
		3107A80428817E3400A05FD3 /* surface.hpp */ = {isa = PBXFileReference; lastKnownFileType = sourcecode.cpp.h; path = surface.hpp; sourceTree = "<group>"; };
		3107A80728817ECE00A05FD3 /* surface_of_revolution.hpp */ = {isa = PBXFileReference; lastKnownFileType = sourcecode.cpp.h; path = surface_of_revolution.hpp; sourceTree = "<group>"; };
		3107A80928817F9B00A05FD3 /* bezier_patch.cpp */ = {isa = PBXFileReference; lastKnownFileType = sourcecode.cpp.cpp; path = bezier_patch.cpp; sourceTree = "<group>"; };
		3107A80A28817F9B00A05FD3 /* bezier_patch.hpp */ = {isa = PBXFileReference; lastKnownFileType = sourcecode.cpp.h; path = bezier_patch.hpp; sourceTree = "<group>"; };
		31CCA3DD2887E62600A7A044 /* spline.hpp */ = {isa = PBXFileReference; lastKnownFileType = sourcecode.cpp.h; path = spline.hpp; sourceTree = "<group>"; };
		31CCA3DF2887F01800A7A044 /* spline.cpp */ = {isa = PBXFileReference; lastKnownFileType = sourcecode.cpp.cpp; path = spline.cpp; sourceTree = "<group>"; };
/* End PBXFileReference section */

/* Begin PBXFrameworksBuildPhase section */
		3107A7C228813EB600A05FD3 /* Frameworks */ = {
			isa = PBXFrameworksBuildPhase;
			buildActionMask = 2147483647;
			files = (
				3107A7E12881638800A05FD3 /* GLUT.framework in Frameworks */,
				3107A7DF2881638300A05FD3 /* OpenGL.framework in Frameworks */,
			);
			runOnlyForDeploymentPostprocessing = 0;
		};
/* End PBXFrameworksBuildPhase section */

/* Begin PBXGroup section */
		3107A7BC28813EB600A05FD3 = {
			isa = PBXGroup;
			children = (
				3107A7C728813EB600A05FD3 /* Assignment8 */,
				3107A7C628813EB600A05FD3 /* Products */,
				3107A7DD2881638300A05FD3 /* Frameworks */,
			);
			sourceTree = "<group>";
		};
		3107A7C628813EB600A05FD3 /* Products */ = {
			isa = PBXGroup;
			children = (
				3107A7C528813EB600A05FD3 /* Assignment8 */,
			);
			name = Products;
			sourceTree = "<group>";
		};
		3107A7C728813EB600A05FD3 /* Assignment8 */ = {
			isa = PBXGroup;
			children = (
				3107A7EA2881647200A05FD3 /* scene8_06_torus_high.txt */,
				3107A7F62881647200A05FD3 /* scene8_06_torus_low.txt */,
				3107A7E72881647200A05FD3 /* scene8_07_vase_high.txt */,
				3107A7E62881647200A05FD3 /* scene8_07_vase_low.txt */,
				3107A7E32881647200A05FD3 /* scene8_08_bezier_patch_high.txt */,
				3107A7F32881647200A05FD3 /* scene8_08_bezier_patch_low.txt */,
				3107A7ED2881647200A05FD3 /* scene8_08_bezier_patch_med.txt */,
				3107A7E82881647200A05FD3 /* scene8_09_teapot_high.txt */,
				3107A7EC2881647200A05FD3 /* scene8_09_teapot_low.txt */,
				3107A7EF2881647200A05FD3 /* scene8_10_transparent_vase.txt */,
				3107A7F22881647200A05FD3 /* scene8_11_reflective_teapot.txt */,
				3107A7F52881647200A05FD3 /* spline8_01_bezier.txt */,
				3107A7EB2881647200A05FD3 /* spline8_02_bspline.txt */,
				3107A7F42881647200A05FD3 /* spline8_03_bezier.txt */,
				3107A7EE2881647200A05FD3 /* spline8_04_bspline.txt */,
				3107A7F02881647200A05FD3 /* spline8_05_bspline_dups.txt */,
				3107A7F12881647200A05FD3 /* spline8_06_torus.txt */,
				3107A7E92881647200A05FD3 /* spline8_07_vase.txt */,
				3107A7E42881647200A05FD3 /* spline8_08_bezier_patch.txt */,
				3107A7E52881647200A05FD3 /* spline8_09_teapot.txt */,
				3107A7E22881638D00A05FD3 /* Assignment8.entitlements */,
				3107A7CF288162A100A05FD3 /* arg_parser.hpp */,
				3107A7D6288162A100A05FD3 /* glCanvas.cpp */,
				3107A7D4288162A100A05FD3 /* glCanvas.hpp */,
				3107A7D1288162A100A05FD3 /* matrix.cpp */,
				3107A7D2288162A100A05FD3 /* matrix.hpp */,
				3107A7D8288162A100A05FD3 /* spline_parser.cpp */,
				3107A7D7288162A100A05FD3 /* spline_parser.hpp */,
				3107A7D0288162A100A05FD3 /* triangle_mesh.cpp */,
				3107A7D5288162A100A05FD3 /* triangle_mesh.hpp */,
				3107A7D3288162A100A05FD3 /* vectors.hpp */,
				3107A7C828813EB600A05FD3 /* main.cpp */,
				31CCA3DD2887E62600A7A044 /* spline.hpp */,
				31CCA3DF2887F01800A7A044 /* spline.cpp */,
				3107A7FB2881666000A05FD3 /* curve.hpp */,
				3107A7FD2881693300A05FD3 /* bezier_curve.cpp */,
				3107A7FE2881693300A05FD3 /* bezier_curve.hpp */,
				3107A8002881695100A05FD3 /* bspline_curve.cpp */,
				3107A8012881695100A05FD3 /* bspline_curve.hpp */,
				3107A80428817E3400A05FD3 /* surface.hpp */,
				3107A80728817ECE00A05FD3 /* surface_of_revolution.hpp */,
				3107A80928817F9B00A05FD3 /* bezier_patch.cpp */,
				3107A80A28817F9B00A05FD3 /* bezier_patch.hpp */,
			);
			path = Assignment8;
			sourceTree = "<group>";
		};
		3107A7DD2881638300A05FD3 /* Frameworks */ = {
			isa = PBXGroup;
			children = (
				3107A7E02881638800A05FD3 /* GLUT.framework */,
				3107A7DE2881638300A05FD3 /* OpenGL.framework */,
			);
			name = Frameworks;
			sourceTree = "<group>";
		};
/* End PBXGroup section */

/* Begin PBXNativeTarget section */
		3107A7C428813EB600A05FD3 /* Assignment8 */ = {
			isa = PBXNativeTarget;
			buildConfigurationList = 3107A7CC28813EB600A05FD3 /* Build configuration list for PBXNativeTarget "Assignment8" */;
			buildPhases = (
				3107A7C128813EB600A05FD3 /* Sources */,
				3107A7C228813EB600A05FD3 /* Frameworks */,
				3107A7C328813EB600A05FD3 /* CopyFiles */,
			);
			buildRules = (
			);
			dependencies = (
			);
			name = Assignment8;
			productName = Assignment8;
			productReference = 3107A7C528813EB600A05FD3 /* Assignment8 */;
			productType = "com.apple.product-type.tool";
		};
/* End PBXNativeTarget section */

/* Begin PBXProject section */
		3107A7BD28813EB600A05FD3 /* Project object */ = {
			isa = PBXProject;
			attributes = {
				BuildIndependentTargetsInParallel = 1;
				LastUpgradeCheck = 1340;
				TargetAttributes = {
					3107A7C428813EB600A05FD3 = {
						CreatedOnToolsVersion = 13.4.1;
					};
				};
			};
			buildConfigurationList = 3107A7C028813EB600A05FD3 /* Build configuration list for PBXProject "Assignment8" */;
			compatibilityVersion = "Xcode 13.0";
			developmentRegion = en;
			hasScannedForEncodings = 0;
			knownRegions = (
				en,
				Base,
			);
			mainGroup = 3107A7BC28813EB600A05FD3;
			productRefGroup = 3107A7C628813EB600A05FD3 /* Products */;
			projectDirPath = "";
			projectRoot = "";
			targets = (
				3107A7C428813EB600A05FD3 /* Assignment8 */,
			);
		};
/* End PBXProject section */

/* Begin PBXSourcesBuildPhase section */
		3107A7C128813EB600A05FD3 /* Sources */ = {
			isa = PBXSourcesBuildPhase;
			buildActionMask = 2147483647;
			files = (
				3107A7D9288162A100A05FD3 /* triangle_mesh.cpp in Sources */,
				3107A7C928813EB600A05FD3 /* main.cpp in Sources */,
				31CCA3E02887F01800A7A044 /* spline.cpp in Sources */,
				3107A8022881695100A05FD3 /* bspline_curve.cpp in Sources */,
				3107A7DB288162A100A05FD3 /* glCanvas.cpp in Sources */,
				3107A7DA288162A100A05FD3 /* matrix.cpp in Sources */,
				3107A7FF2881693300A05FD3 /* bezier_curve.cpp in Sources */,
				3107A80B28817F9B00A05FD3 /* bezier_patch.cpp in Sources */,
				3107A7DC288162A100A05FD3 /* spline_parser.cpp in Sources */,
			);
			runOnlyForDeploymentPostprocessing = 0;
		};
/* End PBXSourcesBuildPhase section */

/* Begin XCBuildConfiguration section */
		3107A7CA28813EB600A05FD3 /* Debug */ = {
			isa = XCBuildConfiguration;
			buildSettings = {
				ALWAYS_SEARCH_USER_PATHS = NO;
				CLANG_ANALYZER_NONNULL = YES;
				CLANG_ANALYZER_NUMBER_OBJECT_CONVERSION = YES_AGGRESSIVE;
				CLANG_CXX_LANGUAGE_STANDARD = "gnu++17";
				CLANG_ENABLE_MODULES = YES;
				CLANG_ENABLE_OBJC_ARC = YES;
				CLANG_ENABLE_OBJC_WEAK = YES;
				CLANG_WARN_BLOCK_CAPTURE_AUTORELEASING = YES;
				CLANG_WARN_BOOL_CONVERSION = YES;
				CLANG_WARN_COMMA = YES;
				CLANG_WARN_CONSTANT_CONVERSION = YES;
				CLANG_WARN_DEPRECATED_OBJC_IMPLEMENTATIONS = YES;
				CLANG_WARN_DIRECT_OBJC_ISA_USAGE = YES_ERROR;
				CLANG_WARN_DOCUMENTATION_COMMENTS = YES;
				CLANG_WARN_EMPTY_BODY = YES;
				CLANG_WARN_ENUM_CONVERSION = YES;
				CLANG_WARN_INFINITE_RECURSION = YES;
				CLANG_WARN_INT_CONVERSION = YES;
				CLANG_WARN_NON_LITERAL_NULL_CONVERSION = YES;
				CLANG_WARN_OBJC_IMPLICIT_RETAIN_SELF = YES;
				CLANG_WARN_OBJC_LITERAL_CONVERSION = YES;
				CLANG_WARN_OBJC_ROOT_CLASS = YES_ERROR;
				CLANG_WARN_QUOTED_INCLUDE_IN_FRAMEWORK_HEADER = YES;
				CLANG_WARN_RANGE_LOOP_ANALYSIS = YES;
				CLANG_WARN_STRICT_PROTOTYPES = YES;
				CLANG_WARN_SUSPICIOUS_MOVE = YES;
				CLANG_WARN_UNGUARDED_AVAILABILITY = YES_AGGRESSIVE;
				CLANG_WARN_UNREACHABLE_CODE = YES;
				CLANG_WARN__DUPLICATE_METHOD_MATCH = YES;
				COPY_PHASE_STRIP = NO;
				DEBUG_INFORMATION_FORMAT = dwarf;
				ENABLE_STRICT_OBJC_MSGSEND = YES;
				ENABLE_TESTABILITY = YES;
				GCC_C_LANGUAGE_STANDARD = gnu11;
				GCC_DYNAMIC_NO_PIC = NO;
				GCC_NO_COMMON_BLOCKS = YES;
				GCC_OPTIMIZATION_LEVEL = 0;
				GCC_PREPROCESSOR_DEFINITIONS = (
					"DEBUG=1",
					"$(inherited)",
				);
				GCC_WARN_64_TO_32_BIT_CONVERSION = YES;
				GCC_WARN_ABOUT_RETURN_TYPE = YES_ERROR;
				GCC_WARN_UNDECLARED_SELECTOR = YES;
				GCC_WARN_UNINITIALIZED_AUTOS = YES_AGGRESSIVE;
				GCC_WARN_UNUSED_FUNCTION = YES;
				GCC_WARN_UNUSED_VARIABLE = YES;
				MACOSX_DEPLOYMENT_TARGET = 12.3;
				MTL_ENABLE_DEBUG_INFO = INCLUDE_SOURCE;
				MTL_FAST_MATH = YES;
				ONLY_ACTIVE_ARCH = YES;
				SDKROOT = macosx;
			};
			name = Debug;
		};
		3107A7CB28813EB600A05FD3 /* Release */ = {
			isa = XCBuildConfiguration;
			buildSettings = {
				ALWAYS_SEARCH_USER_PATHS = NO;
				CLANG_ANALYZER_NONNULL = YES;
				CLANG_ANALYZER_NUMBER_OBJECT_CONVERSION = YES_AGGRESSIVE;
				CLANG_CXX_LANGUAGE_STANDARD = "gnu++17";
				CLANG_ENABLE_MODULES = YES;
				CLANG_ENABLE_OBJC_ARC = YES;
				CLANG_ENABLE_OBJC_WEAK = YES;
				CLANG_WARN_BLOCK_CAPTURE_AUTORELEASING = YES;
				CLANG_WARN_BOOL_CONVERSION = YES;
				CLANG_WARN_COMMA = YES;
				CLANG_WARN_CONSTANT_CONVERSION = YES;
				CLANG_WARN_DEPRECATED_OBJC_IMPLEMENTATIONS = YES;
				CLANG_WARN_DIRECT_OBJC_ISA_USAGE = YES_ERROR;
				CLANG_WARN_DOCUMENTATION_COMMENTS = YES;
				CLANG_WARN_EMPTY_BODY = YES;
				CLANG_WARN_ENUM_CONVERSION = YES;
				CLANG_WARN_INFINITE_RECURSION = YES;
				CLANG_WARN_INT_CONVERSION = YES;
				CLANG_WARN_NON_LITERAL_NULL_CONVERSION = YES;
				CLANG_WARN_OBJC_IMPLICIT_RETAIN_SELF = YES;
				CLANG_WARN_OBJC_LITERAL_CONVERSION = YES;
				CLANG_WARN_OBJC_ROOT_CLASS = YES_ERROR;
				CLANG_WARN_QUOTED_INCLUDE_IN_FRAMEWORK_HEADER = YES;
				CLANG_WARN_RANGE_LOOP_ANALYSIS = YES;
				CLANG_WARN_STRICT_PROTOTYPES = YES;
				CLANG_WARN_SUSPICIOUS_MOVE = YES;
				CLANG_WARN_UNGUARDED_AVAILABILITY = YES_AGGRESSIVE;
				CLANG_WARN_UNREACHABLE_CODE = YES;
				CLANG_WARN__DUPLICATE_METHOD_MATCH = YES;
				COPY_PHASE_STRIP = NO;
				DEBUG_INFORMATION_FORMAT = "dwarf-with-dsym";
				ENABLE_NS_ASSERTIONS = NO;
				ENABLE_STRICT_OBJC_MSGSEND = YES;
				GCC_C_LANGUAGE_STANDARD = gnu11;
				GCC_NO_COMMON_BLOCKS = YES;
				GCC_WARN_64_TO_32_BIT_CONVERSION = YES;
				GCC_WARN_ABOUT_RETURN_TYPE = YES_ERROR;
				GCC_WARN_UNDECLARED_SELECTOR = YES;
				GCC_WARN_UNINITIALIZED_AUTOS = YES_AGGRESSIVE;
				GCC_WARN_UNUSED_FUNCTION = YES;
				GCC_WARN_UNUSED_VARIABLE = YES;
				MACOSX_DEPLOYMENT_TARGET = 12.3;
				MTL_ENABLE_DEBUG_INFO = NO;
				MTL_FAST_MATH = YES;
				SDKROOT = macosx;
			};
			name = Release;
		};
		3107A7CD28813EB600A05FD3 /* Debug */ = {
			isa = XCBuildConfiguration;
			buildSettings = {
				CODE_SIGN_ENTITLEMENTS = Assignment8/Assignment8.entitlements;
				CODE_SIGN_STYLE = Automatic;
				DEVELOPMENT_TEAM = S34XU5PV4F;
				ENABLE_HARDENED_RUNTIME = YES;
				PRODUCT_NAME = "$(TARGET_NAME)";
			};
			name = Debug;
		};
		3107A7CE28813EB600A05FD3 /* Release */ = {
			isa = XCBuildConfiguration;
			buildSettings = {
				CODE_SIGN_ENTITLEMENTS = Assignment8/Assignment8.entitlements;
				CODE_SIGN_STYLE = Automatic;
				DEVELOPMENT_TEAM = S34XU5PV4F;
				ENABLE_HARDENED_RUNTIME = YES;
				PRODUCT_NAME = "$(TARGET_NAME)";
			};
			name = Release;
		};
/* End XCBuildConfiguration section */

/* Begin XCConfigurationList section */
		3107A7C028813EB600A05FD3 /* Build configuration list for PBXProject "Assignment8" */ = {
			isa = XCConfigurationList;
			buildConfigurations = (
				3107A7CA28813EB600A05FD3 /* Debug */,
				3107A7CB28813EB600A05FD3 /* Release */,
			);
			defaultConfigurationIsVisible = 0;
			defaultConfigurationName = Release;
		};
		3107A7CC28813EB600A05FD3 /* Build configuration list for PBXNativeTarget "Assignment8" */ = {
			isa = XCConfigurationList;
			buildConfigurations = (
				3107A7CD28813EB600A05FD3 /* Debug */,
				3107A7CE28813EB600A05FD3 /* Release */,
			);
			defaultConfigurationIsVisible = 0;
			defaultConfigurationName = Release;
		};
/* End XCConfigurationList section */
	};
	rootObject = 3107A7BD28813EB600A05FD3 /* Project object */;
}
