// !$*UTF8*$!
{
	archiveVersion = 1;
	classes = {
	};
	objectVersion = 55;
	objects = {

/* Begin PBXBuildFile section */
		3107A733287FB3F300A05FD3 /* main.cpp in Sources */ = {isa = PBXBuildFile; fileRef = 3107A732287FB3F300A05FD3 /* main.cpp */; };
		3107A749287FB47A00A05FD3 /* glCanvas.cpp in Sources */ = {isa = PBXBuildFile; fileRef = 3107A740287FB47900A05FD3 /* glCanvas.cpp */; };
		3107A74A287FB47A00A05FD3 /* scene_parser.cpp in Sources */ = {isa = PBXBuildFile; fileRef = 3107A746287FB47A00A05FD3 /* scene_parser.cpp */; };
		3107A750287FB49500A05FD3 /* image.cpp in Sources */ = {isa = PBXBuildFile; fileRef = 3107A74B287FB49500A05FD3 /* image.cpp */; };
		3107A751287FB49500A05FD3 /* matrix.cpp in Sources */ = {isa = PBXBuildFile; fileRef = 3107A74D287FB49500A05FD3 /* matrix.cpp */; };
		3107A770287FB4AC00A05FD3 /* light.cpp in Sources */ = {isa = PBXBuildFile; fileRef = 3107A752287FB4AB00A05FD3 /* light.cpp */; };
		3107A771287FB4AC00A05FD3 /* orthographic_camera.cpp in Sources */ = {isa = PBXBuildFile; fileRef = 3107A753287FB4AB00A05FD3 /* orthographic_camera.cpp */; };
		3107A772287FB4AC00A05FD3 /* checker_board.cpp in Sources */ = {isa = PBXBuildFile; fileRef = 3107A754287FB4AB00A05FD3 /* checker_board.cpp */; };
		3107A773287FB4AC00A05FD3 /* marble.cpp in Sources */ = {isa = PBXBuildFile; fileRef = 3107A756287FB4AB00A05FD3 /* marble.cpp */; };
		3107A774287FB4AC00A05FD3 /* ray_tracer.cpp in Sources */ = {isa = PBXBuildFile; fileRef = 3107A759287FB4AB00A05FD3 /* ray_tracer.cpp */; };
		3107A775287FB4AC00A05FD3 /* perlin_noise.cpp in Sources */ = {isa = PBXBuildFile; fileRef = 3107A75B287FB4AB00A05FD3 /* perlin_noise.cpp */; };
		3107A776287FB4AC00A05FD3 /* perspective_camera.cpp in Sources */ = {isa = PBXBuildFile; fileRef = 3107A75F287FB4AC00A05FD3 /* perspective_camera.cpp */; };
		3107A777287FB4AC00A05FD3 /* wood.cpp in Sources */ = {isa = PBXBuildFile; fileRef = 3107A761287FB4AC00A05FD3 /* wood.cpp */; };
		3107A778287FB4AC00A05FD3 /* noise.cpp in Sources */ = {isa = PBXBuildFile; fileRef = 3107A763287FB4AC00A05FD3 /* noise.cpp */; };
		3107A779287FB4AC00A05FD3 /* phong_material.cpp in Sources */ = {isa = PBXBuildFile; fileRef = 3107A769287FB4AC00A05FD3 /* phong_material.cpp */; };
		3107A77A287FB4AC00A05FD3 /* rayTree.cpp in Sources */ = {isa = PBXBuildFile; fileRef = 3107A76A287FB4AC00A05FD3 /* rayTree.cpp */; };
		3107A77B287FB4AC00A05FD3 /* boundingbox.cpp in Sources */ = {isa = PBXBuildFile; fileRef = 3107A76B287FB4AC00A05FD3 /* boundingbox.cpp */; };
		3107A77C287FB4AC00A05FD3 /* raytracing_stats.cpp in Sources */ = {isa = PBXBuildFile; fileRef = 3107A76D287FB4AC00A05FD3 /* raytracing_stats.cpp */; };
		3107A78B287FB4C000A05FD3 /* sphere.cpp in Sources */ = {isa = PBXBuildFile; fileRef = 3107A77D287FB4C000A05FD3 /* sphere.cpp */; };
		3107A78C287FB4C000A05FD3 /* triangle.cpp in Sources */ = {isa = PBXBuildFile; fileRef = 3107A781287FB4C000A05FD3 /* triangle.cpp */; };
		3107A78D287FB4C000A05FD3 /* plane.cpp in Sources */ = {isa = PBXBuildFile; fileRef = 3107A782287FB4C000A05FD3 /* plane.cpp */; };
		3107A78E287FB4C000A05FD3 /* group.cpp in Sources */ = {isa = PBXBuildFile; fileRef = 3107A783287FB4C000A05FD3 /* group.cpp */; };
		3107A78F287FB4C000A05FD3 /* grid.cpp in Sources */ = {isa = PBXBuildFile; fileRef = 3107A784287FB4C000A05FD3 /* grid.cpp */; };
		3107A790287FB4C000A05FD3 /* transform.cpp in Sources */ = {isa = PBXBuildFile; fileRef = 3107A786287FB4C000A05FD3 /* transform.cpp */; };
		3107A796287FB5AF00A05FD3 /* film.cpp in Sources */ = {isa = PBXBuildFile; fileRef = 3107A794287FB5AF00A05FD3 /* film.cpp */; };
		3107A799287FB80300A05FD3 /* OpenGL.framework in Frameworks */ = {isa = PBXBuildFile; fileRef = 3107A798287FB80300A05FD3 /* OpenGL.framework */; };
		3107A79B287FB80900A05FD3 /* GLUT.framework in Frameworks */ = {isa = PBXBuildFile; fileRef = 3107A79A287FB80900A05FD3 /* GLUT.framework */; };
/* End PBXBuildFile section */

/* Begin PBXCopyFilesBuildPhase section */
		3107A72D287FB3F300A05FD3 /* CopyFiles */ = {
			isa = PBXCopyFilesBuildPhase;
			buildActionMask = 2147483647;
			dstPath = /usr/share/man/man1/;
			dstSubfolderSpec = 0;
			files = (
			);
			runOnlyForDeploymentPostprocessing = 1;
		};
/* End PBXCopyFilesBuildPhase section */

/* Begin PBXFileReference section */
		3107A72F287FB3F300A05FD3 /* Assignment7 */ = {isa = PBXFileReference; explicitFileType = "compiled.mach-o.executable"; includeInIndex = 0; path = Assignment7; sourceTree = BUILT_PRODUCTS_DIR; };
		3107A732287FB3F300A05FD3 /* main.cpp */ = {isa = PBXFileReference; lastKnownFileType = sourcecode.cpp.cpp; path = main.cpp; sourceTree = "<group>"; };
		3107A73C287FB47900A05FD3 /* glCanvas.hpp */ = {isa = PBXFileReference; fileEncoding = 4; lastKnownFileType = sourcecode.cpp.h; path = glCanvas.hpp; sourceTree = "<group>"; };
		3107A73D287FB47900A05FD3 /* extern.hpp */ = {isa = PBXFileReference; fileEncoding = 4; lastKnownFileType = sourcecode.cpp.h; path = extern.hpp; sourceTree = "<group>"; };
		3107A73E287FB47900A05FD3 /* diamond.obj */ = {isa = PBXFileReference; fileEncoding = 4; lastKnownFileType = text; path = diamond.obj; sourceTree = "<group>"; };
		3107A73F287FB47900A05FD3 /* cube.obj */ = {isa = PBXFileReference; fileEncoding = 4; lastKnownFileType = text; path = cube.obj; sourceTree = "<group>"; };
		3107A740287FB47900A05FD3 /* glCanvas.cpp */ = {isa = PBXFileReference; fileEncoding = 4; lastKnownFileType = sourcecode.cpp.cpp; path = glCanvas.cpp; sourceTree = "<group>"; };
		3107A741287FB47900A05FD3 /* bunny_200.obj */ = {isa = PBXFileReference; fileEncoding = 4; lastKnownFileType = text; path = bunny_200.obj; sourceTree = "<group>"; };
		3107A742287FB47900A05FD3 /* bunny_40k.obj */ = {isa = PBXFileReference; fileEncoding = 4; lastKnownFileType = text; path = bunny_40k.obj; sourceTree = "<group>"; };
		3107A743287FB47900A05FD3 /* 6.837.obj */ = {isa = PBXFileReference; fileEncoding = 4; lastKnownFileType = text; path = 6.837.obj; sourceTree = "<group>"; };
		3107A744287FB47A00A05FD3 /* vase.obj */ = {isa = PBXFileReference; fileEncoding = 4; lastKnownFileType = text; path = vase.obj; sourceTree = "<group>"; };
		3107A745287FB47A00A05FD3 /* scene_parser.hpp */ = {isa = PBXFileReference; fileEncoding = 4; lastKnownFileType = sourcecode.cpp.h; path = scene_parser.hpp; sourceTree = "<group>"; };
		3107A746287FB47A00A05FD3 /* scene_parser.cpp */ = {isa = PBXFileReference; fileEncoding = 4; lastKnownFileType = sourcecode.cpp.cpp; path = scene_parser.cpp; sourceTree = "<group>"; };
		3107A747287FB47A00A05FD3 /* bunny_1k.obj */ = {isa = PBXFileReference; fileEncoding = 4; lastKnownFileType = text; path = bunny_1k.obj; sourceTree = "<group>"; };
		3107A748287FB47A00A05FD3 /* bunny_5k.obj */ = {isa = PBXFileReference; fileEncoding = 4; lastKnownFileType = text; path = bunny_5k.obj; sourceTree = "<group>"; };
		3107A74B287FB49500A05FD3 /* image.cpp */ = {isa = PBXFileReference; fileEncoding = 4; lastKnownFileType = sourcecode.cpp.cpp; path = image.cpp; sourceTree = "<group>"; };
		3107A74C287FB49500A05FD3 /* vectors.hpp */ = {isa = PBXFileReference; fileEncoding = 4; lastKnownFileType = sourcecode.cpp.h; path = vectors.hpp; sourceTree = "<group>"; };
		3107A74D287FB49500A05FD3 /* matrix.cpp */ = {isa = PBXFileReference; fileEncoding = 4; lastKnownFileType = sourcecode.cpp.cpp; path = matrix.cpp; sourceTree = "<group>"; };
		3107A74E287FB49500A05FD3 /* image.hpp */ = {isa = PBXFileReference; fileEncoding = 4; lastKnownFileType = sourcecode.cpp.h; path = image.hpp; sourceTree = "<group>"; };
		3107A74F287FB49500A05FD3 /* matrix.hpp */ = {isa = PBXFileReference; fileEncoding = 4; lastKnownFileType = sourcecode.cpp.h; path = matrix.hpp; sourceTree = "<group>"; };
		3107A752287FB4AB00A05FD3 /* light.cpp */ = {isa = PBXFileReference; fileEncoding = 4; lastKnownFileType = sourcecode.cpp.cpp; path = light.cpp; sourceTree = "<group>"; };
		3107A753287FB4AB00A05FD3 /* orthographic_camera.cpp */ = {isa = PBXFileReference; fileEncoding = 4; lastKnownFileType = sourcecode.cpp.cpp; path = orthographic_camera.cpp; sourceTree = "<group>"; };
		3107A754287FB4AB00A05FD3 /* checker_board.cpp */ = {isa = PBXFileReference; fileEncoding = 4; lastKnownFileType = sourcecode.cpp.cpp; path = checker_board.cpp; sourceTree = "<group>"; };
		3107A755287FB4AB00A05FD3 /* ray_tracer.hpp */ = {isa = PBXFileReference; fileEncoding = 4; lastKnownFileType = sourcecode.cpp.h; path = ray_tracer.hpp; sourceTree = "<group>"; };
		3107A756287FB4AB00A05FD3 /* marble.cpp */ = {isa = PBXFileReference; fileEncoding = 4; lastKnownFileType = sourcecode.cpp.cpp; path = marble.cpp; sourceTree = "<group>"; };
		3107A757287FB4AB00A05FD3 /* boundingbox.hpp */ = {isa = PBXFileReference; fileEncoding = 4; lastKnownFileType = sourcecode.cpp.h; path = boundingbox.hpp; sourceTree = "<group>"; };
		3107A758287FB4AB00A05FD3 /* rayTree.hpp */ = {isa = PBXFileReference; fileEncoding = 4; lastKnownFileType = sourcecode.cpp.h; path = rayTree.hpp; sourceTree = "<group>"; };
		3107A759287FB4AB00A05FD3 /* ray_tracer.cpp */ = {isa = PBXFileReference; fileEncoding = 4; lastKnownFileType = sourcecode.cpp.cpp; path = ray_tracer.cpp; sourceTree = "<group>"; };
		3107A75A287FB4AB00A05FD3 /* material.hpp */ = {isa = PBXFileReference; fileEncoding = 4; lastKnownFileType = sourcecode.cpp.h; path = material.hpp; sourceTree = "<group>"; };
		3107A75B287FB4AB00A05FD3 /* perlin_noise.cpp */ = {isa = PBXFileReference; fileEncoding = 4; lastKnownFileType = sourcecode.cpp.cpp; path = perlin_noise.cpp; sourceTree = "<group>"; };
		3107A75C287FB4AB00A05FD3 /* perspective_camera.hpp */ = {isa = PBXFileReference; fileEncoding = 4; lastKnownFileType = sourcecode.cpp.h; path = perspective_camera.hpp; sourceTree = "<group>"; };
		3107A75D287FB4AC00A05FD3 /* noise.hpp */ = {isa = PBXFileReference; fileEncoding = 4; lastKnownFileType = sourcecode.cpp.h; path = noise.hpp; sourceTree = "<group>"; };
		3107A75E287FB4AC00A05FD3 /* raytracing_stats.hpp */ = {isa = PBXFileReference; fileEncoding = 4; lastKnownFileType = sourcecode.cpp.h; path = raytracing_stats.hpp; sourceTree = "<group>"; };
		3107A75F287FB4AC00A05FD3 /* perspective_camera.cpp */ = {isa = PBXFileReference; fileEncoding = 4; lastKnownFileType = sourcecode.cpp.cpp; path = perspective_camera.cpp; sourceTree = "<group>"; };
		3107A760287FB4AC00A05FD3 /* checker_board.hpp */ = {isa = PBXFileReference; fileEncoding = 4; lastKnownFileType = sourcecode.cpp.h; path = checker_board.hpp; sourceTree = "<group>"; };
		3107A761287FB4AC00A05FD3 /* wood.cpp */ = {isa = PBXFileReference; fileEncoding = 4; lastKnownFileType = sourcecode.cpp.cpp; path = wood.cpp; sourceTree = "<group>"; };
		3107A762287FB4AC00A05FD3 /* ray.hpp */ = {isa = PBXFileReference; fileEncoding = 4; lastKnownFileType = sourcecode.cpp.h; path = ray.hpp; sourceTree = "<group>"; };
		3107A763287FB4AC00A05FD3 /* noise.cpp */ = {isa = PBXFileReference; fileEncoding = 4; lastKnownFileType = sourcecode.cpp.cpp; path = noise.cpp; sourceTree = "<group>"; };
		3107A764287FB4AC00A05FD3 /* orthographic_camera.hpp */ = {isa = PBXFileReference; fileEncoding = 4; lastKnownFileType = sourcecode.cpp.h; path = orthographic_camera.hpp; sourceTree = "<group>"; };
		3107A765287FB4AC00A05FD3 /* hit.hpp */ = {isa = PBXFileReference; fileEncoding = 4; lastKnownFileType = sourcecode.cpp.h; path = hit.hpp; sourceTree = "<group>"; };
		3107A766287FB4AC00A05FD3 /* perlin_noise.hpp */ = {isa = PBXFileReference; fileEncoding = 4; lastKnownFileType = sourcecode.cpp.h; path = perlin_noise.hpp; sourceTree = "<group>"; };
		3107A767287FB4AC00A05FD3 /* camera.hpp */ = {isa = PBXFileReference; fileEncoding = 4; lastKnownFileType = sourcecode.cpp.h; path = camera.hpp; sourceTree = "<group>"; };
		3107A768287FB4AC00A05FD3 /* phong_material.hpp */ = {isa = PBXFileReference; fileEncoding = 4; lastKnownFileType = sourcecode.cpp.h; path = phong_material.hpp; sourceTree = "<group>"; };
		3107A769287FB4AC00A05FD3 /* phong_material.cpp */ = {isa = PBXFileReference; fileEncoding = 4; lastKnownFileType = sourcecode.cpp.cpp; path = phong_material.cpp; sourceTree = "<group>"; };
		3107A76A287FB4AC00A05FD3 /* rayTree.cpp */ = {isa = PBXFileReference; fileEncoding = 4; lastKnownFileType = sourcecode.cpp.cpp; path = rayTree.cpp; sourceTree = "<group>"; };
		3107A76B287FB4AC00A05FD3 /* boundingbox.cpp */ = {isa = PBXFileReference; fileEncoding = 4; lastKnownFileType = sourcecode.cpp.cpp; path = boundingbox.cpp; sourceTree = "<group>"; };
		3107A76C287FB4AC00A05FD3 /* marble.hpp */ = {isa = PBXFileReference; fileEncoding = 4; lastKnownFileType = sourcecode.cpp.h; path = marble.hpp; sourceTree = "<group>"; };
		3107A76D287FB4AC00A05FD3 /* raytracing_stats.cpp */ = {isa = PBXFileReference; fileEncoding = 4; lastKnownFileType = sourcecode.cpp.cpp; path = raytracing_stats.cpp; sourceTree = "<group>"; };
		3107A76E287FB4AC00A05FD3 /* wood.hpp */ = {isa = PBXFileReference; fileEncoding = 4; lastKnownFileType = sourcecode.cpp.h; path = wood.hpp; sourceTree = "<group>"; };
		3107A76F287FB4AC00A05FD3 /* light.hpp */ = {isa = PBXFileReference; fileEncoding = 4; lastKnownFileType = sourcecode.cpp.h; path = light.hpp; sourceTree = "<group>"; };
		3107A77D287FB4C000A05FD3 /* sphere.cpp */ = {isa = PBXFileReference; fileEncoding = 4; lastKnownFileType = sourcecode.cpp.cpp; path = sphere.cpp; sourceTree = "<group>"; };
		3107A77E287FB4C000A05FD3 /* group.hpp */ = {isa = PBXFileReference; fileEncoding = 4; lastKnownFileType = sourcecode.cpp.h; path = group.hpp; sourceTree = "<group>"; };
		3107A77F287FB4C000A05FD3 /* triangle.hpp */ = {isa = PBXFileReference; fileEncoding = 4; lastKnownFileType = sourcecode.cpp.h; path = triangle.hpp; sourceTree = "<group>"; };
		3107A780287FB4C000A05FD3 /* grid.hpp */ = {isa = PBXFileReference; fileEncoding = 4; lastKnownFileType = sourcecode.cpp.h; path = grid.hpp; sourceTree = "<group>"; };
		3107A781287FB4C000A05FD3 /* triangle.cpp */ = {isa = PBXFileReference; fileEncoding = 4; lastKnownFileType = sourcecode.cpp.cpp; path = triangle.cpp; sourceTree = "<group>"; };
		3107A782287FB4C000A05FD3 /* plane.cpp */ = {isa = PBXFileReference; fileEncoding = 4; lastKnownFileType = sourcecode.cpp.cpp; path = plane.cpp; sourceTree = "<group>"; };
		3107A783287FB4C000A05FD3 /* group.cpp */ = {isa = PBXFileReference; fileEncoding = 4; lastKnownFileType = sourcecode.cpp.cpp; path = group.cpp; sourceTree = "<group>"; };
		3107A784287FB4C000A05FD3 /* grid.cpp */ = {isa = PBXFileReference; fileEncoding = 4; lastKnownFileType = sourcecode.cpp.cpp; path = grid.cpp; sourceTree = "<group>"; };
		3107A785287FB4C000A05FD3 /* plane.hpp */ = {isa = PBXFileReference; fileEncoding = 4; lastKnownFileType = sourcecode.cpp.h; path = plane.hpp; sourceTree = "<group>"; };
		3107A786287FB4C000A05FD3 /* transform.cpp */ = {isa = PBXFileReference; fileEncoding = 4; lastKnownFileType = sourcecode.cpp.cpp; path = transform.cpp; sourceTree = "<group>"; };
		3107A787287FB4C000A05FD3 /* transform.hpp */ = {isa = PBXFileReference; fileEncoding = 4; lastKnownFileType = sourcecode.cpp.h; path = transform.hpp; sourceTree = "<group>"; };
		3107A788287FB4C000A05FD3 /* sphere.hpp */ = {isa = PBXFileReference; fileEncoding = 4; lastKnownFileType = sourcecode.cpp.h; path = sphere.hpp; sourceTree = "<group>"; };
		3107A789287FB4C000A05FD3 /* object3d.hpp */ = {isa = PBXFileReference; fileEncoding = 4; lastKnownFileType = sourcecode.cpp.h; path = object3d.hpp; sourceTree = "<group>"; };
		3107A78A287FB4C000A05FD3 /* object3dvector.hpp */ = {isa = PBXFileReference; fileEncoding = 4; lastKnownFileType = sourcecode.cpp.h; path = object3dvector.hpp; sourceTree = "<group>"; };
		3107A792287FB57D00A05FD3 /* sample.hpp */ = {isa = PBXFileReference; lastKnownFileType = sourcecode.cpp.h; path = sample.hpp; sourceTree = "<group>"; };
		3107A794287FB5AF00A05FD3 /* film.cpp */ = {isa = PBXFileReference; lastKnownFileType = sourcecode.cpp.cpp; path = film.cpp; sourceTree = "<group>"; };
		3107A795287FB5AF00A05FD3 /* film.hpp */ = {isa = PBXFileReference; lastKnownFileType = sourcecode.cpp.h; path = film.hpp; sourceTree = "<group>"; };
		3107A798287FB80300A05FD3 /* OpenGL.framework */ = {isa = PBXFileReference; lastKnownFileType = wrapper.framework; name = OpenGL.framework; path = System/Library/Frameworks/OpenGL.framework; sourceTree = SDKROOT; };
		3107A79A287FB80900A05FD3 /* GLUT.framework */ = {isa = PBXFileReference; lastKnownFileType = wrapper.framework; name = GLUT.framework; path = System/Library/Frameworks/GLUT.framework; sourceTree = SDKROOT; };
		3107A79C287FB81300A05FD3 /* Assignment7.entitlements */ = {isa = PBXFileReference; lastKnownFileType = text.plist.entitlements; path = Assignment7.entitlements; sourceTree = "<group>"; };
		3107A79E287FBDD200A05FD3 /* sampler.hpp */ = {isa = PBXFileReference; lastKnownFileType = sourcecode.cpp.h; path = sampler.hpp; sourceTree = "<group>"; };
		3107A7A1287FC17200A05FD3 /* random_sampler.hpp */ = {isa = PBXFileReference; lastKnownFileType = sourcecode.cpp.h; path = random_sampler.hpp; sourceTree = "<group>"; };
		3107A7A4287FFF4B00A05FD3 /* uniform_sampler.hpp */ = {isa = PBXFileReference; lastKnownFileType = sourcecode.cpp.h; path = uniform_sampler.hpp; sourceTree = "<group>"; };
		3107A7A7287FFFC400A05FD3 /* jittered_sampler.hpp */ = {isa = PBXFileReference; lastKnownFileType = sourcecode.cpp.h; path = jittered_sampler.hpp; sourceTree = "<group>"; };
		3107A7AA2880031200A05FD3 /* filter.hpp */ = {isa = PBXFileReference; lastKnownFileType = sourcecode.cpp.h; path = filter.hpp; sourceTree = "<group>"; };
		3107A7AD288004CA00A05FD3 /* box_filter.hpp */ = {isa = PBXFileReference; lastKnownFileType = sourcecode.cpp.h; path = box_filter.hpp; sourceTree = "<group>"; };
		3107A7B0288004E500A05FD3 /* tent_filter.hpp */ = {isa = PBXFileReference; lastKnownFileType = sourcecode.cpp.h; path = tent_filter.hpp; sourceTree = "<group>"; };
		3107A7B3288004FB00A05FD3 /* gaussian_filter.hpp */ = {isa = PBXFileReference; lastKnownFileType = sourcecode.cpp.h; path = gaussian_filter.hpp; sourceTree = "<group>"; };
		3107A7B528802FA800A05FD3 /* scene7_02_checkerboard.txt */ = {isa = PBXFileReference; fileEncoding = 4; lastKnownFileType = text; path = scene7_02_checkerboard.txt; sourceTree = "<group>"; };
		3107A7B628802FA800A05FD3 /* scene7_01_sphere_triangle.txt */ = {isa = PBXFileReference; fileEncoding = 4; lastKnownFileType = text; path = scene7_01_sphere_triangle.txt; sourceTree = "<group>"; };
		3107A7B728802FA800A05FD3 /* scene7_06_faceted_gem.txt */ = {isa = PBXFileReference; fileEncoding = 4; lastKnownFileType = text; path = scene7_06_faceted_gem.txt; sourceTree = "<group>"; };
		3107A7B828802FA800A05FD3 /* scene7_03_marble_vase.txt */ = {isa = PBXFileReference; fileEncoding = 4; lastKnownFileType = text; path = scene7_03_marble_vase.txt; sourceTree = "<group>"; };
		3107A7B928802FA800A05FD3 /* scene7_04_6.837_logo.txt */ = {isa = PBXFileReference; fileEncoding = 4; lastKnownFileType = text; path = scene7_04_6.837_logo.txt; sourceTree = "<group>"; };
		3107A7BA28802FA800A05FD3 /* scene7_05_glass_sphere.txt */ = {isa = PBXFileReference; fileEncoding = 4; lastKnownFileType = text; path = scene7_05_glass_sphere.txt; sourceTree = "<group>"; };
/* End PBXFileReference section */

/* Begin PBXFrameworksBuildPhase section */
		3107A72C287FB3F300A05FD3 /* Frameworks */ = {
			isa = PBXFrameworksBuildPhase;
			buildActionMask = 2147483647;
			files = (
				3107A79B287FB80900A05FD3 /* GLUT.framework in Frameworks */,
				3107A799287FB80300A05FD3 /* OpenGL.framework in Frameworks */,
			);
			runOnlyForDeploymentPostprocessing = 0;
		};
/* End PBXFrameworksBuildPhase section */

/* Begin PBXGroup section */
		3107A726287FB3F300A05FD3 = {
			isa = PBXGroup;
			children = (
				3107A731287FB3F300A05FD3 /* Assignment7 */,
				3107A730287FB3F300A05FD3 /* Products */,
				3107A797287FB80300A05FD3 /* Frameworks */,
			);
			sourceTree = "<group>";
		};
		3107A730287FB3F300A05FD3 /* Products */ = {
			isa = PBXGroup;
			children = (
				3107A72F287FB3F300A05FD3 /* Assignment7 */,
			);
			name = Products;
			sourceTree = "<group>";
		};
		3107A731287FB3F300A05FD3 /* Assignment7 */ = {
			isa = PBXGroup;
			children = (
				3107A7B628802FA800A05FD3 /* scene7_01_sphere_triangle.txt */,
				3107A7B528802FA800A05FD3 /* scene7_02_checkerboard.txt */,
				3107A7B828802FA800A05FD3 /* scene7_03_marble_vase.txt */,
				3107A7B928802FA800A05FD3 /* scene7_04_6.837_logo.txt */,
				3107A7BA28802FA800A05FD3 /* scene7_05_glass_sphere.txt */,
				3107A7B728802FA800A05FD3 /* scene7_06_faceted_gem.txt */,
				3107A79C287FB81300A05FD3 /* Assignment7.entitlements */,
				3107A743287FB47900A05FD3 /* 6.837.obj */,
				3107A747287FB47A00A05FD3 /* bunny_1k.obj */,
				3107A748287FB47A00A05FD3 /* bunny_5k.obj */,
				3107A742287FB47900A05FD3 /* bunny_40k.obj */,
				3107A741287FB47900A05FD3 /* bunny_200.obj */,
				3107A73F287FB47900A05FD3 /* cube.obj */,
				3107A73E287FB47900A05FD3 /* diamond.obj */,
				3107A73D287FB47900A05FD3 /* extern.hpp */,
				3107A740287FB47900A05FD3 /* glCanvas.cpp */,
				3107A73C287FB47900A05FD3 /* glCanvas.hpp */,
				3107A746287FB47A00A05FD3 /* scene_parser.cpp */,
				3107A745287FB47A00A05FD3 /* scene_parser.hpp */,
				3107A744287FB47A00A05FD3 /* vase.obj */,
				3107A73B287FB43800A05FD3 /* common */,
				3107A73A287FB42A00A05FD3 /* rayTracer */,
				3107A739287FB42100A05FD3 /* obj */,
				3107A732287FB3F300A05FD3 /* main.cpp */,
				3107A792287FB57D00A05FD3 /* sample.hpp */,
				3107A794287FB5AF00A05FD3 /* film.cpp */,
				3107A795287FB5AF00A05FD3 /* film.hpp */,
				3107A79E287FBDD200A05FD3 /* sampler.hpp */,
				3107A7A1287FC17200A05FD3 /* random_sampler.hpp */,
				3107A7A4287FFF4B00A05FD3 /* uniform_sampler.hpp */,
				3107A7A7287FFFC400A05FD3 /* jittered_sampler.hpp */,
				3107A7AA2880031200A05FD3 /* filter.hpp */,
				3107A7AD288004CA00A05FD3 /* box_filter.hpp */,
				3107A7B0288004E500A05FD3 /* tent_filter.hpp */,
				3107A7B3288004FB00A05FD3 /* gaussian_filter.hpp */,
			);
			path = Assignment7;
			sourceTree = "<group>";
		};
		3107A739287FB42100A05FD3 /* obj */ = {
			isa = PBXGroup;
			children = (
				3107A784287FB4C000A05FD3 /* grid.cpp */,
				3107A780287FB4C000A05FD3 /* grid.hpp */,
				3107A783287FB4C000A05FD3 /* group.cpp */,
				3107A77E287FB4C000A05FD3 /* group.hpp */,
				3107A789287FB4C000A05FD3 /* object3d.hpp */,
				3107A78A287FB4C000A05FD3 /* object3dvector.hpp */,
				3107A782287FB4C000A05FD3 /* plane.cpp */,
				3107A785287FB4C000A05FD3 /* plane.hpp */,
				3107A77D287FB4C000A05FD3 /* sphere.cpp */,
				3107A788287FB4C000A05FD3 /* sphere.hpp */,
				3107A786287FB4C000A05FD3 /* transform.cpp */,
				3107A787287FB4C000A05FD3 /* transform.hpp */,
				3107A781287FB4C000A05FD3 /* triangle.cpp */,
				3107A77F287FB4C000A05FD3 /* triangle.hpp */,
			);
			path = obj;
			sourceTree = "<group>";
		};
		3107A73A287FB42A00A05FD3 /* rayTracer */ = {
			isa = PBXGroup;
			children = (
				3107A76B287FB4AC00A05FD3 /* boundingbox.cpp */,
				3107A757287FB4AB00A05FD3 /* boundingbox.hpp */,
				3107A767287FB4AC00A05FD3 /* camera.hpp */,
				3107A754287FB4AB00A05FD3 /* checker_board.cpp */,
				3107A760287FB4AC00A05FD3 /* checker_board.hpp */,
				3107A765287FB4AC00A05FD3 /* hit.hpp */,
				3107A752287FB4AB00A05FD3 /* light.cpp */,
				3107A76F287FB4AC00A05FD3 /* light.hpp */,
				3107A756287FB4AB00A05FD3 /* marble.cpp */,
				3107A76C287FB4AC00A05FD3 /* marble.hpp */,
				3107A75A287FB4AB00A05FD3 /* material.hpp */,
				3107A763287FB4AC00A05FD3 /* noise.cpp */,
				3107A75D287FB4AC00A05FD3 /* noise.hpp */,
				3107A753287FB4AB00A05FD3 /* orthographic_camera.cpp */,
				3107A764287FB4AC00A05FD3 /* orthographic_camera.hpp */,
				3107A75B287FB4AB00A05FD3 /* perlin_noise.cpp */,
				3107A766287FB4AC00A05FD3 /* perlin_noise.hpp */,
				3107A75F287FB4AC00A05FD3 /* perspective_camera.cpp */,
				3107A75C287FB4AB00A05FD3 /* perspective_camera.hpp */,
				3107A769287FB4AC00A05FD3 /* phong_material.cpp */,
				3107A768287FB4AC00A05FD3 /* phong_material.hpp */,
				3107A759287FB4AB00A05FD3 /* ray_tracer.cpp */,
				3107A755287FB4AB00A05FD3 /* ray_tracer.hpp */,
				3107A762287FB4AC00A05FD3 /* ray.hpp */,
				3107A76D287FB4AC00A05FD3 /* raytracing_stats.cpp */,
				3107A75E287FB4AC00A05FD3 /* raytracing_stats.hpp */,
				3107A76A287FB4AC00A05FD3 /* rayTree.cpp */,
				3107A758287FB4AB00A05FD3 /* rayTree.hpp */,
				3107A761287FB4AC00A05FD3 /* wood.cpp */,
				3107A76E287FB4AC00A05FD3 /* wood.hpp */,
			);
			path = rayTracer;
			sourceTree = "<group>";
		};
		3107A73B287FB43800A05FD3 /* common */ = {
			isa = PBXGroup;
			children = (
				3107A74B287FB49500A05FD3 /* image.cpp */,
				3107A74E287FB49500A05FD3 /* image.hpp */,
				3107A74D287FB49500A05FD3 /* matrix.cpp */,
				3107A74F287FB49500A05FD3 /* matrix.hpp */,
				3107A74C287FB49500A05FD3 /* vectors.hpp */,
			);
			path = common;
			sourceTree = "<group>";
		};
		3107A797287FB80300A05FD3 /* Frameworks */ = {
			isa = PBXGroup;
			children = (
				3107A79A287FB80900A05FD3 /* GLUT.framework */,
				3107A798287FB80300A05FD3 /* OpenGL.framework */,
			);
			name = Frameworks;
			sourceTree = "<group>";
		};
/* End PBXGroup section */

/* Begin PBXNativeTarget section */
		3107A72E287FB3F300A05FD3 /* Assignment7 */ = {
			isa = PBXNativeTarget;
			buildConfigurationList = 3107A736287FB3F300A05FD3 /* Build configuration list for PBXNativeTarget "Assignment7" */;
			buildPhases = (
				3107A72B287FB3F300A05FD3 /* Sources */,
				3107A72C287FB3F300A05FD3 /* Frameworks */,
				3107A72D287FB3F300A05FD3 /* CopyFiles */,
			);
			buildRules = (
			);
			dependencies = (
			);
			name = Assignment7;
			productName = Assignment7;
			productReference = 3107A72F287FB3F300A05FD3 /* Assignment7 */;
			productType = "com.apple.product-type.tool";
		};
/* End PBXNativeTarget section */

/* Begin PBXProject section */
		3107A727287FB3F300A05FD3 /* Project object */ = {
			isa = PBXProject;
			attributes = {
				BuildIndependentTargetsInParallel = 1;
				LastUpgradeCheck = 1340;
				TargetAttributes = {
					3107A72E287FB3F300A05FD3 = {
						CreatedOnToolsVersion = 13.4.1;
					};
				};
			};
			buildConfigurationList = 3107A72A287FB3F300A05FD3 /* Build configuration list for PBXProject "Assignment7" */;
			compatibilityVersion = "Xcode 13.0";
			developmentRegion = en;
			hasScannedForEncodings = 0;
			knownRegions = (
				en,
				Base,
			);
			mainGroup = 3107A726287FB3F300A05FD3;
			productRefGroup = 3107A730287FB3F300A05FD3 /* Products */;
			projectDirPath = "";
			projectRoot = "";
			targets = (
				3107A72E287FB3F300A05FD3 /* Assignment7 */,
			);
		};
/* End PBXProject section */

/* Begin PBXSourcesBuildPhase section */
		3107A72B287FB3F300A05FD3 /* Sources */ = {
			isa = PBXSourcesBuildPhase;
			buildActionMask = 2147483647;
			files = (
				3107A751287FB49500A05FD3 /* matrix.cpp in Sources */,
				3107A773287FB4AC00A05FD3 /* marble.cpp in Sources */,
				3107A790287FB4C000A05FD3 /* transform.cpp in Sources */,
				3107A796287FB5AF00A05FD3 /* film.cpp in Sources */,
				3107A78D287FB4C000A05FD3 /* plane.cpp in Sources */,
				3107A778287FB4AC00A05FD3 /* noise.cpp in Sources */,
				3107A78C287FB4C000A05FD3 /* triangle.cpp in Sources */,
				3107A771287FB4AC00A05FD3 /* orthographic_camera.cpp in Sources */,
				3107A78F287FB4C000A05FD3 /* grid.cpp in Sources */,
				3107A74A287FB47A00A05FD3 /* scene_parser.cpp in Sources */,
				3107A770287FB4AC00A05FD3 /* light.cpp in Sources */,
				3107A776287FB4AC00A05FD3 /* perspective_camera.cpp in Sources */,
				3107A78E287FB4C000A05FD3 /* group.cpp in Sources */,
				3107A774287FB4AC00A05FD3 /* ray_tracer.cpp in Sources */,
				3107A77A287FB4AC00A05FD3 /* rayTree.cpp in Sources */,
				3107A77C287FB4AC00A05FD3 /* raytracing_stats.cpp in Sources */,
				3107A750287FB49500A05FD3 /* image.cpp in Sources */,
				3107A777287FB4AC00A05FD3 /* wood.cpp in Sources */,
				3107A775287FB4AC00A05FD3 /* perlin_noise.cpp in Sources */,
				3107A779287FB4AC00A05FD3 /* phong_material.cpp in Sources */,
				3107A77B287FB4AC00A05FD3 /* boundingbox.cpp in Sources */,
				3107A749287FB47A00A05FD3 /* glCanvas.cpp in Sources */,
				3107A772287FB4AC00A05FD3 /* checker_board.cpp in Sources */,
				3107A78B287FB4C000A05FD3 /* sphere.cpp in Sources */,
				3107A733287FB3F300A05FD3 /* main.cpp in Sources */,
			);
			runOnlyForDeploymentPostprocessing = 0;
		};
/* End PBXSourcesBuildPhase section */

/* Begin XCBuildConfiguration section */
		3107A734287FB3F300A05FD3 /* Debug */ = {
			isa = XCBuildConfiguration;
			buildSettings = {
				ALWAYS_SEARCH_USER_PATHS = NO;
				CLANG_ANALYZER_NONNULL = YES;
				CLANG_ANALYZER_NUMBER_OBJECT_CONVERSION = YES_AGGRESSIVE;
				CLANG_CXX_LANGUAGE_STANDARD = "gnu++17";
				CLANG_ENABLE_MODULES = YES;
				CLANG_ENABLE_OBJC_ARC = YES;
				CLANG_ENABLE_OBJC_WEAK = YES;
				CLANG_WARN_BLOCK_CAPTURE_AUTORELEASING = YES;
				CLANG_WARN_BOOL_CONVERSION = YES;
				CLANG_WARN_COMMA = YES;
				CLANG_WARN_CONSTANT_CONVERSION = YES;
				CLANG_WARN_DEPRECATED_OBJC_IMPLEMENTATIONS = YES;
				CLANG_WARN_DIRECT_OBJC_ISA_USAGE = YES_ERROR;
				CLANG_WARN_DOCUMENTATION_COMMENTS = YES;
				CLANG_WARN_EMPTY_BODY = YES;
				CLANG_WARN_ENUM_CONVERSION = YES;
				CLANG_WARN_INFINITE_RECURSION = YES;
				CLANG_WARN_INT_CONVERSION = YES;
				CLANG_WARN_NON_LITERAL_NULL_CONVERSION = YES;
				CLANG_WARN_OBJC_IMPLICIT_RETAIN_SELF = YES;
				CLANG_WARN_OBJC_LITERAL_CONVERSION = YES;
				CLANG_WARN_OBJC_ROOT_CLASS = YES_ERROR;
				CLANG_WARN_QUOTED_INCLUDE_IN_FRAMEWORK_HEADER = YES;
				CLANG_WARN_RANGE_LOOP_ANALYSIS = YES;
				CLANG_WARN_STRICT_PROTOTYPES = YES;
				CLANG_WARN_SUSPICIOUS_MOVE = YES;
				CLANG_WARN_UNGUARDED_AVAILABILITY = YES_AGGRESSIVE;
				CLANG_WARN_UNREACHABLE_CODE = YES;
				CLANG_WARN__DUPLICATE_METHOD_MATCH = YES;
				COPY_PHASE_STRIP = NO;
				DEBUG_INFORMATION_FORMAT = dwarf;
				ENABLE_STRICT_OBJC_MSGSEND = YES;
				ENABLE_TESTABILITY = YES;
				GCC_C_LANGUAGE_STANDARD = gnu11;
				GCC_DYNAMIC_NO_PIC = NO;
				GCC_NO_COMMON_BLOCKS = YES;
				GCC_OPTIMIZATION_LEVEL = 0;
				GCC_PREPROCESSOR_DEFINITIONS = (
					"DEBUG=1",
					"$(inherited)",
				);
				GCC_WARN_64_TO_32_BIT_CONVERSION = YES;
				GCC_WARN_ABOUT_RETURN_TYPE = YES_ERROR;
				GCC_WARN_UNDECLARED_SELECTOR = YES;
				GCC_WARN_UNINITIALIZED_AUTOS = YES_AGGRESSIVE;
				GCC_WARN_UNUSED_FUNCTION = YES;
				GCC_WARN_UNUSED_VARIABLE = YES;
				MACOSX_DEPLOYMENT_TARGET = 12.3;
				MTL_ENABLE_DEBUG_INFO = INCLUDE_SOURCE;
				MTL_FAST_MATH = YES;
				ONLY_ACTIVE_ARCH = YES;
				SDKROOT = macosx;
			};
			name = Debug;
		};
		3107A735287FB3F300A05FD3 /* Release */ = {
			isa = XCBuildConfiguration;
			buildSettings = {
				ALWAYS_SEARCH_USER_PATHS = NO;
				CLANG_ANALYZER_NONNULL = YES;
				CLANG_ANALYZER_NUMBER_OBJECT_CONVERSION = YES_AGGRESSIVE;
				CLANG_CXX_LANGUAGE_STANDARD = "gnu++17";
				CLANG_ENABLE_MODULES = YES;
				CLANG_ENABLE_OBJC_ARC = YES;
				CLANG_ENABLE_OBJC_WEAK = YES;
				CLANG_WARN_BLOCK_CAPTURE_AUTORELEASING = YES;
				CLANG_WARN_BOOL_CONVERSION = YES;
				CLANG_WARN_COMMA = YES;
				CLANG_WARN_CONSTANT_CONVERSION = YES;
				CLANG_WARN_DEPRECATED_OBJC_IMPLEMENTATIONS = YES;
				CLANG_WARN_DIRECT_OBJC_ISA_USAGE = YES_ERROR;
				CLANG_WARN_DOCUMENTATION_COMMENTS = YES;
				CLANG_WARN_EMPTY_BODY = YES;
				CLANG_WARN_ENUM_CONVERSION = YES;
				CLANG_WARN_INFINITE_RECURSION = YES;
				CLANG_WARN_INT_CONVERSION = YES;
				CLANG_WARN_NON_LITERAL_NULL_CONVERSION = YES;
				CLANG_WARN_OBJC_IMPLICIT_RETAIN_SELF = YES;
				CLANG_WARN_OBJC_LITERAL_CONVERSION = YES;
				CLANG_WARN_OBJC_ROOT_CLASS = YES_ERROR;
				CLANG_WARN_QUOTED_INCLUDE_IN_FRAMEWORK_HEADER = YES;
				CLANG_WARN_RANGE_LOOP_ANALYSIS = YES;
				CLANG_WARN_STRICT_PROTOTYPES = YES;
				CLANG_WARN_SUSPICIOUS_MOVE = YES;
				CLANG_WARN_UNGUARDED_AVAILABILITY = YES_AGGRESSIVE;
				CLANG_WARN_UNREACHABLE_CODE = YES;
				CLANG_WARN__DUPLICATE_METHOD_MATCH = YES;
				COPY_PHASE_STRIP = NO;
				DEBUG_INFORMATION_FORMAT = "dwarf-with-dsym";
				ENABLE_NS_ASSERTIONS = NO;
				ENABLE_STRICT_OBJC_MSGSEND = YES;
				GCC_C_LANGUAGE_STANDARD = gnu11;
				GCC_NO_COMMON_BLOCKS = YES;
				GCC_WARN_64_TO_32_BIT_CONVERSION = YES;
				GCC_WARN_ABOUT_RETURN_TYPE = YES_ERROR;
				GCC_WARN_UNDECLARED_SELECTOR = YES;
				GCC_WARN_UNINITIALIZED_AUTOS = YES_AGGRESSIVE;
				GCC_WARN_UNUSED_FUNCTION = YES;
				GCC_WARN_UNUSED_VARIABLE = YES;
				MACOSX_DEPLOYMENT_TARGET = 12.3;
				MTL_ENABLE_DEBUG_INFO = NO;
				MTL_FAST_MATH = YES;
				SDKROOT = macosx;
			};
			name = Release;
		};
		3107A737287FB3F300A05FD3 /* Debug */ = {
			isa = XCBuildConfiguration;
			buildSettings = {
				CODE_SIGN_ENTITLEMENTS = Assignment7/Assignment7.entitlements;
				CODE_SIGN_STYLE = Automatic;
				DEVELOPMENT_TEAM = S34XU5PV4F;
				ENABLE_HARDENED_RUNTIME = YES;
				PRODUCT_NAME = "$(TARGET_NAME)";
			};
			name = Debug;
		};
		3107A738287FB3F300A05FD3 /* Release */ = {
			isa = XCBuildConfiguration;
			buildSettings = {
				CODE_SIGN_ENTITLEMENTS = Assignment7/Assignment7.entitlements;
				CODE_SIGN_STYLE = Automatic;
				DEVELOPMENT_TEAM = S34XU5PV4F;
				ENABLE_HARDENED_RUNTIME = YES;
				PRODUCT_NAME = "$(TARGET_NAME)";
			};
			name = Release;
		};
/* End XCBuildConfiguration section */

/* Begin XCConfigurationList section */
		3107A72A287FB3F300A05FD3 /* Build configuration list for PBXProject "Assignment7" */ = {
			isa = XCConfigurationList;
			buildConfigurations = (
				3107A734287FB3F300A05FD3 /* Debug */,
				3107A735287FB3F300A05FD3 /* Release */,
			);
			defaultConfigurationIsVisible = 0;
			defaultConfigurationName = Release;
		};
		3107A736287FB3F300A05FD3 /* Build configuration list for PBXNativeTarget "Assignment7" */ = {
			isa = XCConfigurationList;
			buildConfigurations = (
				3107A737287FB3F300A05FD3 /* Debug */,
				3107A738287FB3F300A05FD3 /* Release */,
			);
			defaultConfigurationIsVisible = 0;
			defaultConfigurationName = Release;
		};
/* End XCConfigurationList section */
	};
	rootObject = 3107A727287FB3F300A05FD3 /* Project object */;
}
