// !$*UTF8*$!
{
	archiveVersion = 1;
	classes = {
	};
	objectVersion = 55;
	objects = {

/* Begin PBXCopyFilesBuildPhase section */
		3134CF3B2863058600E97843 /* CopyFiles */ = {
			isa = PBXCopyFilesBuildPhase;
			buildActionMask = 2147483647;
			dstPath = /usr/share/man/man1/;
			dstSubfolderSpec = 0;
			files = (
			);
			runOnlyForDeploymentPostprocessing = 1;
		};
/* End PBXCopyFilesBuildPhase section */

/* Begin PBXFileReference section */
		31339932288E450F0005C5B3 /* Assignment3 */ = {isa = PBXFileReference; lastKnownFileType = folder; path = Assignment3; sourceTree = "<group>"; };
		31339933288E45100005C5B3 /* Assignment5 */ = {isa = PBXFileReference; lastKnownFileType = folder; path = Assignment5; sourceTree = "<group>"; };
		31339934288E45100005C5B3 /* Assignment1 */ = {isa = PBXFileReference; lastKnownFileType = folder; path = Assignment1; sourceTree = "<group>"; };
		31339935288E45100005C5B3 /* Assignment8 */ = {isa = PBXFileReference; lastKnownFileType = folder; path = Assignment8; sourceTree = "<group>"; };
		31339937288E45130005C5B3 /* Assignment6 */ = {isa = PBXFileReference; lastKnownFileType = folder; path = Assignment6; sourceTree = "<group>"; };
		31339938288E45140005C5B3 /* Assignment7 */ = {isa = PBXFileReference; lastKnownFileType = folder; path = Assignment7; sourceTree = "<group>"; };
		31339939288E45140005C5B3 /* Assignment2 */ = {isa = PBXFileReference; lastKnownFileType = folder; path = Assignment2; sourceTree = "<group>"; };
		3133993A288E45140005C5B3 /* Assignment4 */ = {isa = PBXFileReference; lastKnownFileType = folder; path = Assignment4; sourceTree = "<group>"; };
		3133993B288E45140005C5B3 /* Assignment9 */ = {isa = PBXFileReference; lastKnownFileType = folder; path = Assignment9; sourceTree = "<group>"; };
		3134CF3D2863058600E97843 /* MIT-6.837-Fall2004 */ = {isa = PBXFileReference; explicitFileType = "compiled.mach-o.executable"; includeInIndex = 0; path = "MIT-6.837-Fall2004"; sourceTree = BUILT_PRODUCTS_DIR; };
		3138FBFD288E47080097741A /* Assignment0 */ = {isa = PBXFileReference; lastKnownFileType = folder; path = Assignment0; sourceTree = "<group>"; };
/* End PBXFileReference section */

/* Begin PBXFrameworksBuildPhase section */
		3134CF3A2863058600E97843 /* Frameworks */ = {
			isa = PBXFrameworksBuildPhase;
			buildActionMask = 2147483647;
			files = (
			);
			runOnlyForDeploymentPostprocessing = 0;
		};
/* End PBXFrameworksBuildPhase section */

/* Begin PBXGroup section */
		3134CF342863058600E97843 = {
			isa = PBXGroup;
			children = (
				3134CF3F2863058600E97843 /* MIT-6.837-Fall2004 */,
				3134CF3E2863058600E97843 /* Products */,
			);
			sourceTree = "<group>";
		};
		3134CF3E2863058600E97843 /* Products */ = {
			isa = PBXGroup;
			children = (
				3134CF3D2863058600E97843 /* MIT-6.837-Fall2004 */,
			);
			name = Products;
			sourceTree = "<group>";
		};
		3134CF3F2863058600E97843 /* MIT-6.837-Fall2004 */ = {
			isa = PBXGroup;
			children = (
				3138FBFD288E47080097741A /* Assignment0 */,
				31339934288E45100005C5B3 /* Assignment1 */,
				31339939288E45140005C5B3 /* Assignment2 */,
				31339932288E450F0005C5B3 /* Assignment3 */,
				3133993A288E45140005C5B3 /* Assignment4 */,
				31339933288E45100005C5B3 /* Assignment5 */,
				31339937288E45130005C5B3 /* Assignment6 */,
				31339938288E45140005C5B3 /* Assignment7 */,
				31339935288E45100005C5B3 /* Assignment8 */,
				3133993B288E45140005C5B3 /* Assignment9 */,
			);
			path = "MIT-6.837-Fall2004";
			sourceTree = "<group>";
		};
/* End PBXGroup section */

/* Begin PBXNativeTarget section */
		3134CF3C2863058600E97843 /* MIT-6.837-Fall2004 */ = {
			isa = PBXNativeTarget;
			buildConfigurationList = 3134CF442863058600E97843 /* Build configuration list for PBXNativeTarget "MIT-6.837-Fall2004" */;
			buildPhases = (
				3134CF392863058600E97843 /* Sources */,
				3134CF3A2863058600E97843 /* Frameworks */,
				3134CF3B2863058600E97843 /* CopyFiles */,
			);
			buildRules = (
			);
			dependencies = (
			);
			name = "MIT-6.837-Fall2004";
			productName = "MIT-6.837-Fall2004";
			productReference = 3134CF3D2863058600E97843 /* MIT-6.837-Fall2004 */;
			productType = "com.apple.product-type.tool";
		};
/* End PBXNativeTarget section */

/* Begin PBXProject section */
		3134CF352863058600E97843 /* Project object */ = {
			isa = PBXProject;
			attributes = {
				BuildIndependentTargetsInParallel = 1;
				LastUpgradeCheck = 1340;
				TargetAttributes = {
					3134CF3C2863058600E97843 = {
						CreatedOnToolsVersion = 13.4.1;
					};
				};
			};
			buildConfigurationList = 3134CF382863058600E97843 /* Build configuration list for PBXProject "MIT-6.837-Fall2004" */;
			compatibilityVersion = "Xcode 13.0";
			developmentRegion = en;
			hasScannedForEncodings = 0;
			knownRegions = (
				en,
				Base,
			);
			mainGroup = 3134CF342863058600E97843;
			productRefGroup = 3134CF3E2863058600E97843 /* Products */;
			projectDirPath = "";
			projectRoot = "";
			targets = (
				3134CF3C2863058600E97843 /* MIT-6.837-Fall2004 */,
			);
		};
/* End PBXProject section */

/* Begin PBXSourcesBuildPhase section */
		3134CF392863058600E97843 /* Sources */ = {
			isa = PBXSourcesBuildPhase;
			buildActionMask = 2147483647;
			files = (
			);
			runOnlyForDeploymentPostprocessing = 0;
		};
/* End PBXSourcesBuildPhase section */

/* Begin XCBuildConfiguration section */
		3134CF422863058600E97843 /* Debug */ = {
			isa = XCBuildConfiguration;
			buildSettings = {
				ALWAYS_SEARCH_USER_PATHS = NO;
				CLANG_ANALYZER_NONNULL = YES;
				CLANG_ANALYZER_NUMBER_OBJECT_CONVERSION = YES_AGGRESSIVE;
				CLANG_CXX_LANGUAGE_STANDARD = "gnu++17";
				CLANG_ENABLE_MODULES = YES;
				CLANG_ENABLE_OBJC_ARC = YES;
				CLANG_ENABLE_OBJC_WEAK = YES;
				CLANG_WARN_BLOCK_CAPTURE_AUTORELEASING = YES;
				CLANG_WARN_BOOL_CONVERSION = YES;
				CLANG_WARN_COMMA = YES;
				CLANG_WARN_CONSTANT_CONVERSION = YES;
				CLANG_WARN_DEPRECATED_OBJC_IMPLEMENTATIONS = YES;
				CLANG_WARN_DIRECT_OBJC_ISA_USAGE = YES_ERROR;
				CLANG_WARN_DOCUMENTATION_COMMENTS = YES;
				CLANG_WARN_EMPTY_BODY = YES;
				CLANG_WARN_ENUM_CONVERSION = YES;
				CLANG_WARN_INFINITE_RECURSION = YES;
				CLANG_WARN_INT_CONVERSION = YES;
				CLANG_WARN_NON_LITERAL_NULL_CONVERSION = YES;
				CLANG_WARN_OBJC_IMPLICIT_RETAIN_SELF = YES;
				CLANG_WARN_OBJC_LITERAL_CONVERSION = YES;
				CLANG_WARN_OBJC_ROOT_CLASS = YES_ERROR;
				CLANG_WARN_QUOTED_INCLUDE_IN_FRAMEWORK_HEADER = YES;
				CLANG_WARN_RANGE_LOOP_ANALYSIS = YES;
				CLANG_WARN_STRICT_PROTOTYPES = YES;
				CLANG_WARN_SUSPICIOUS_MOVE = YES;
				CLANG_WARN_UNGUARDED_AVAILABILITY = YES_AGGRESSIVE;
				CLANG_WARN_UNREACHABLE_CODE = YES;
				CLANG_WARN__DUPLICATE_METHOD_MATCH = YES;
				COPY_PHASE_STRIP = NO;
				DEBUG_INFORMATION_FORMAT = dwarf;
				ENABLE_STRICT_OBJC_MSGSEND = YES;
				ENABLE_TESTABILITY = YES;
				GCC_C_LANGUAGE_STANDARD = gnu11;
				GCC_DYNAMIC_NO_PIC = NO;
				GCC_NO_COMMON_BLOCKS = YES;
				GCC_OPTIMIZATION_LEVEL = 0;
				GCC_PREPROCESSOR_DEFINITIONS = (
					"DEBUG=1",
					"$(inherited)",
				);
				GCC_WARN_64_TO_32_BIT_CONVERSION = YES;
				GCC_WARN_ABOUT_RETURN_TYPE = YES_ERROR;
				GCC_WARN_UNDECLARED_SELECTOR = YES;
				GCC_WARN_UNINITIALIZED_AUTOS = YES_AGGRESSIVE;
				GCC_WARN_UNUSED_FUNCTION = YES;
				GCC_WARN_UNUSED_VARIABLE = YES;
				MACOSX_DEPLOYMENT_TARGET = 12.3;
				MTL_ENABLE_DEBUG_INFO = INCLUDE_SOURCE;
				MTL_FAST_MATH = YES;
				ONLY_ACTIVE_ARCH = YES;
				SDKROOT = macosx;
			};
			name = Debug;
		};
		3134CF432863058600E97843 /* Release */ = {
			isa = XCBuildConfiguration;
			buildSettings = {
				ALWAYS_SEARCH_USER_PATHS = NO;
				CLANG_ANALYZER_NONNULL = YES;
				CLANG_ANALYZER_NUMBER_OBJECT_CONVERSION = YES_AGGRESSIVE;
				CLANG_CXX_LANGUAGE_STANDARD = "gnu++17";
				CLANG_ENABLE_MODULES = YES;
				CLANG_ENABLE_OBJC_ARC = YES;
				CLANG_ENABLE_OBJC_WEAK = YES;
				CLANG_WARN_BLOCK_CAPTURE_AUTORELEASING = YES;
				CLANG_WARN_BOOL_CONVERSION = YES;
				CLANG_WARN_COMMA = YES;
				CLANG_WARN_CONSTANT_CONVERSION = YES;
				CLANG_WARN_DEPRECATED_OBJC_IMPLEMENTATIONS = YES;
				CLANG_WARN_DIRECT_OBJC_ISA_USAGE = YES_ERROR;
				CLANG_WARN_DOCUMENTATION_COMMENTS = YES;
				CLANG_WARN_EMPTY_BODY = YES;
				CLANG_WARN_ENUM_CONVERSION = YES;
				CLANG_WARN_INFINITE_RECURSION = YES;
				CLANG_WARN_INT_CONVERSION = YES;
				CLANG_WARN_NON_LITERAL_NULL_CONVERSION = YES;
				CLANG_WARN_OBJC_IMPLICIT_RETAIN_SELF = YES;
				CLANG_WARN_OBJC_LITERAL_CONVERSION = YES;
				CLANG_WARN_OBJC_ROOT_CLASS = YES_ERROR;
				CLANG_WARN_QUOTED_INCLUDE_IN_FRAMEWORK_HEADER = YES;
				CLANG_WARN_RANGE_LOOP_ANALYSIS = YES;
				CLANG_WARN_STRICT_PROTOTYPES = YES;
				CLANG_WARN_SUSPICIOUS_MOVE = YES;
				CLANG_WARN_UNGUARDED_AVAILABILITY = YES_AGGRESSIVE;
				CLANG_WARN_UNREACHABLE_CODE = YES;
				CLANG_WARN__DUPLICATE_METHOD_MATCH = YES;
				COPY_PHASE_STRIP = NO;
				DEBUG_INFORMATION_FORMAT = "dwarf-with-dsym";
				ENABLE_NS_ASSERTIONS = NO;
				ENABLE_STRICT_OBJC_MSGSEND = YES;
				GCC_C_LANGUAGE_STANDARD = gnu11;
				GCC_NO_COMMON_BLOCKS = YES;
				GCC_WARN_64_TO_32_BIT_CONVERSION = YES;
				GCC_WARN_ABOUT_RETURN_TYPE = YES_ERROR;
				GCC_WARN_UNDECLARED_SELECTOR = YES;
				GCC_WARN_UNINITIALIZED_AUTOS = YES_AGGRESSIVE;
				GCC_WARN_UNUSED_FUNCTION = YES;
				GCC_WARN_UNUSED_VARIABLE = YES;
				MACOSX_DEPLOYMENT_TARGET = 12.3;
				MTL_ENABLE_DEBUG_INFO = NO;
				MTL_FAST_MATH = YES;
				SDKROOT = macosx;
			};
			name = Release;
		};
		3134CF452863058600E97843 /* Debug */ = {
			isa = XCBuildConfiguration;
			buildSettings = {
				CODE_SIGN_STYLE = Automatic;
				DEVELOPMENT_TEAM = S34XU5PV4F;
				ENABLE_HARDENED_RUNTIME = YES;
				PRODUCT_NAME = "$(TARGET_NAME)";
			};
			name = Debug;
		};
		3134CF462863058600E97843 /* Release */ = {
			isa = XCBuildConfiguration;
			buildSettings = {
				CODE_SIGN_STYLE = Automatic;
				DEVELOPMENT_TEAM = S34XU5PV4F;
				ENABLE_HARDENED_RUNTIME = YES;
				PRODUCT_NAME = "$(TARGET_NAME)";
			};
			name = Release;
		};
/* End XCBuildConfiguration section */

/* Begin XCConfigurationList section */
		3134CF382863058600E97843 /* Build configuration list for PBXProject "MIT-6.837-Fall2004" */ = {
			isa = XCConfigurationList;
			buildConfigurations = (
				3134CF422863058600E97843 /* Debug */,
				3134CF432863058600E97843 /* Release */,
			);
			defaultConfigurationIsVisible = 0;
			defaultConfigurationName = Release;
		};
		3134CF442863058600E97843 /* Build configuration list for PBXNativeTarget "MIT-6.837-Fall2004" */ = {
			isa = XCConfigurationList;
			buildConfigurations = (
				3134CF452863058600E97843 /* Debug */,
				3134CF462863058600E97843 /* Release */,
			);
			defaultConfigurationIsVisible = 0;
			defaultConfigurationName = Release;
		};
/* End XCConfigurationList section */
	};
	rootObject = 3134CF352863058600E97843 /* Project object */;
}
