// !$*UTF8*$!
{
	archiveVersion = 1;
	classes = {
	};
	objectVersion = 55;
	objects = {

/* Begin PBXBuildFile section */
		313F0BC9287BBE5B00E30BD6 /* checker_board.cpp in Sources */ = {isa = PBXBuildFile; fileRef = 313F0BC7287BBE5B00E30BD6 /* checker_board.cpp */; };
		313F0BCC287BFF5100E30BD6 /* perlin_noise.cpp in Sources */ = {isa = PBXBuildFile; fileRef = 313F0BCA287BFF5100E30BD6 /* perlin_noise.cpp */; };
		313F0BCF287BFFA300E30BD6 /* noise.cpp in Sources */ = {isa = PBXBuildFile; fileRef = 313F0BCD287BFFA300E30BD6 /* noise.cpp */; };
		313F0BD2287C1F0C00E30BD6 /* marble.cpp in Sources */ = {isa = PBXBuildFile; fileRef = 313F0BD0287C1F0C00E30BD6 /* marble.cpp */; };
		313F0BD5287C204600E30BD6 /* wood.cpp in Sources */ = {isa = PBXBuildFile; fileRef = 313F0BD3287C204600E30BD6 /* wood.cpp */; };
		314EC331287446C400D21CA4 /* main.cpp in Sources */ = {isa = PBXBuildFile; fileRef = 314EC330287446C400D21CA4 /* main.cpp */; };
		314EC340287446F400D21CA4 /* glCanvas.cpp in Sources */ = {isa = PBXBuildFile; fileRef = 314EC33F287446F400D21CA4 /* glCanvas.cpp */; };
		314EC3492874471F00D21CA4 /* matrix.cpp in Sources */ = {isa = PBXBuildFile; fileRef = 314EC3462874471F00D21CA4 /* matrix.cpp */; };
		314EC34A2874471F00D21CA4 /* image.cpp in Sources */ = {isa = PBXBuildFile; fileRef = 314EC3482874471F00D21CA4 /* image.cpp */; };
		314EC3592874473100D21CA4 /* transform.cpp in Sources */ = {isa = PBXBuildFile; fileRef = 314EC34B2874473100D21CA4 /* transform.cpp */; };
		314EC35A2874473100D21CA4 /* group.cpp in Sources */ = {isa = PBXBuildFile; fileRef = 314EC34D2874473100D21CA4 /* group.cpp */; };
		314EC35B2874473100D21CA4 /* sphere.cpp in Sources */ = {isa = PBXBuildFile; fileRef = 314EC34F2874473100D21CA4 /* sphere.cpp */; };
		314EC35C2874473100D21CA4 /* grid.cpp in Sources */ = {isa = PBXBuildFile; fileRef = 314EC3522874473100D21CA4 /* grid.cpp */; };
		314EC35D2874473100D21CA4 /* plane.cpp in Sources */ = {isa = PBXBuildFile; fileRef = 314EC3562874473100D21CA4 /* plane.cpp */; };
		314EC35E2874473100D21CA4 /* triangle.cpp in Sources */ = {isa = PBXBuildFile; fileRef = 314EC3572874473100D21CA4 /* triangle.cpp */; };
		314EC3712874474200D21CA4 /* phong_material.cpp in Sources */ = {isa = PBXBuildFile; fileRef = 314EC3602874474200D21CA4 /* phong_material.cpp */; };
		314EC3722874474200D21CA4 /* light.cpp in Sources */ = {isa = PBXBuildFile; fileRef = 314EC3622874474200D21CA4 /* light.cpp */; };
		314EC3732874474200D21CA4 /* perspective_camera.cpp in Sources */ = {isa = PBXBuildFile; fileRef = 314EC3632874474200D21CA4 /* perspective_camera.cpp */; };
		314EC3742874474200D21CA4 /* rayTree.cpp in Sources */ = {isa = PBXBuildFile; fileRef = 314EC3642874474200D21CA4 /* rayTree.cpp */; };
		314EC3752874474200D21CA4 /* ray_tracer.cpp in Sources */ = {isa = PBXBuildFile; fileRef = 314EC3652874474200D21CA4 /* ray_tracer.cpp */; };
		314EC3762874474200D21CA4 /* orthographic_camera.cpp in Sources */ = {isa = PBXBuildFile; fileRef = 314EC3672874474200D21CA4 /* orthographic_camera.cpp */; };
		314EC3772874474200D21CA4 /* boundingbox.cpp in Sources */ = {isa = PBXBuildFile; fileRef = 314EC36E2874474200D21CA4 /* boundingbox.cpp */; };
		314EC37A2874478500D21CA4 /* scene_parser.cpp in Sources */ = {isa = PBXBuildFile; fileRef = 314EC3792874478500D21CA4 /* scene_parser.cpp */; };
		314EC37E287447BD00D21CA4 /* OpenGL.framework in Frameworks */ = {isa = PBXBuildFile; fileRef = 314EC37D287447BD00D21CA4 /* OpenGL.framework */; };
		314EC380287447C300D21CA4 /* GLUT.framework in Frameworks */ = {isa = PBXBuildFile; fileRef = 314EC37F287447C300D21CA4 /* GLUT.framework */; };
		314EC397287537E500D21CA4 /* raytracing_stats.cpp in Sources */ = {isa = PBXBuildFile; fileRef = 314EC395287537E500D21CA4 /* raytracing_stats.cpp */; };
/* End PBXBuildFile section */

/* Begin PBXCopyFilesBuildPhase section */
		314EC32B287446C400D21CA4 /* CopyFiles */ = {
			isa = PBXCopyFilesBuildPhase;
			buildActionMask = 2147483647;
			dstPath = /usr/share/man/man1/;
			dstSubfolderSpec = 0;
			files = (
			);
			runOnlyForDeploymentPostprocessing = 1;
		};
/* End PBXCopyFilesBuildPhase section */

/* Begin PBXFileReference section */
		313F0BC7287BBE5B00E30BD6 /* checker_board.cpp */ = {isa = PBXFileReference; lastKnownFileType = sourcecode.cpp.cpp; path = checker_board.cpp; sourceTree = "<group>"; };
		313F0BC8287BBE5B00E30BD6 /* checker_board.hpp */ = {isa = PBXFileReference; lastKnownFileType = sourcecode.cpp.h; path = checker_board.hpp; sourceTree = "<group>"; };
		313F0BCA287BFF5100E30BD6 /* perlin_noise.cpp */ = {isa = PBXFileReference; lastKnownFileType = sourcecode.cpp.cpp; path = perlin_noise.cpp; sourceTree = "<group>"; };
		313F0BCB287BFF5100E30BD6 /* perlin_noise.hpp */ = {isa = PBXFileReference; lastKnownFileType = sourcecode.cpp.h; path = perlin_noise.hpp; sourceTree = "<group>"; };
		313F0BCD287BFFA300E30BD6 /* noise.cpp */ = {isa = PBXFileReference; lastKnownFileType = sourcecode.cpp.cpp; path = noise.cpp; sourceTree = "<group>"; };
		313F0BCE287BFFA300E30BD6 /* noise.hpp */ = {isa = PBXFileReference; lastKnownFileType = sourcecode.cpp.h; path = noise.hpp; sourceTree = "<group>"; };
		313F0BD0287C1F0C00E30BD6 /* marble.cpp */ = {isa = PBXFileReference; lastKnownFileType = sourcecode.cpp.cpp; path = marble.cpp; sourceTree = "<group>"; };
		313F0BD1287C1F0C00E30BD6 /* marble.hpp */ = {isa = PBXFileReference; lastKnownFileType = sourcecode.cpp.h; path = marble.hpp; sourceTree = "<group>"; };
		313F0BD3287C204600E30BD6 /* wood.cpp */ = {isa = PBXFileReference; lastKnownFileType = sourcecode.cpp.cpp; path = wood.cpp; sourceTree = "<group>"; };
		313F0BD4287C204600E30BD6 /* wood.hpp */ = {isa = PBXFileReference; lastKnownFileType = sourcecode.cpp.h; path = wood.hpp; sourceTree = "<group>"; };
		314EC32D287446C400D21CA4 /* Assignment6 */ = {isa = PBXFileReference; explicitFileType = "compiled.mach-o.executable"; includeInIndex = 0; path = Assignment6; sourceTree = BUILT_PRODUCTS_DIR; };
		314EC330287446C400D21CA4 /* main.cpp */ = {isa = PBXFileReference; lastKnownFileType = sourcecode.cpp.cpp; path = main.cpp; sourceTree = "<group>"; };
		314EC337287446F400D21CA4 /* bunny_40k.obj */ = {isa = PBXFileReference; fileEncoding = 4; lastKnownFileType = text; path = bunny_40k.obj; sourceTree = "<group>"; };
		314EC338287446F400D21CA4 /* glCanvas.hpp */ = {isa = PBXFileReference; fileEncoding = 4; lastKnownFileType = sourcecode.cpp.h; path = glCanvas.hpp; sourceTree = "<group>"; };
		314EC339287446F400D21CA4 /* bunny_1k.obj */ = {isa = PBXFileReference; fileEncoding = 4; lastKnownFileType = text; path = bunny_1k.obj; sourceTree = "<group>"; };
		314EC33A287446F400D21CA4 /* bunny_200.obj */ = {isa = PBXFileReference; fileEncoding = 4; lastKnownFileType = text; path = bunny_200.obj; sourceTree = "<group>"; };
		314EC33B287446F400D21CA4 /* cube.obj */ = {isa = PBXFileReference; fileEncoding = 4; lastKnownFileType = text; path = cube.obj; sourceTree = "<group>"; };
		314EC33C287446F400D21CA4 /* bunny_5k.obj */ = {isa = PBXFileReference; fileEncoding = 4; lastKnownFileType = text; path = bunny_5k.obj; sourceTree = "<group>"; };
		314EC33D287446F400D21CA4 /* extern.hpp */ = {isa = PBXFileReference; fileEncoding = 4; lastKnownFileType = sourcecode.cpp.h; path = extern.hpp; sourceTree = "<group>"; };
		314EC33E287446F400D21CA4 /* diamond.obj */ = {isa = PBXFileReference; fileEncoding = 4; lastKnownFileType = text; path = diamond.obj; sourceTree = "<group>"; };
		314EC33F287446F400D21CA4 /* glCanvas.cpp */ = {isa = PBXFileReference; fileEncoding = 4; lastKnownFileType = sourcecode.cpp.cpp; path = glCanvas.cpp; sourceTree = "<group>"; };
		314EC3442874471F00D21CA4 /* image.hpp */ = {isa = PBXFileReference; fileEncoding = 4; lastKnownFileType = sourcecode.cpp.h; path = image.hpp; sourceTree = "<group>"; };
		314EC3452874471F00D21CA4 /* vectors.hpp */ = {isa = PBXFileReference; fileEncoding = 4; lastKnownFileType = sourcecode.cpp.h; path = vectors.hpp; sourceTree = "<group>"; };
		314EC3462874471F00D21CA4 /* matrix.cpp */ = {isa = PBXFileReference; fileEncoding = 4; lastKnownFileType = sourcecode.cpp.cpp; path = matrix.cpp; sourceTree = "<group>"; };
		314EC3472874471F00D21CA4 /* matrix.hpp */ = {isa = PBXFileReference; fileEncoding = 4; lastKnownFileType = sourcecode.cpp.h; path = matrix.hpp; sourceTree = "<group>"; };
		314EC3482874471F00D21CA4 /* image.cpp */ = {isa = PBXFileReference; fileEncoding = 4; lastKnownFileType = sourcecode.cpp.cpp; path = image.cpp; sourceTree = "<group>"; };
		314EC34B2874473100D21CA4 /* transform.cpp */ = {isa = PBXFileReference; fileEncoding = 4; lastKnownFileType = sourcecode.cpp.cpp; path = transform.cpp; sourceTree = "<group>"; };
		314EC34C2874473100D21CA4 /* grid.hpp */ = {isa = PBXFileReference; fileEncoding = 4; lastKnownFileType = sourcecode.cpp.h; path = grid.hpp; sourceTree = "<group>"; };
		314EC34D2874473100D21CA4 /* group.cpp */ = {isa = PBXFileReference; fileEncoding = 4; lastKnownFileType = sourcecode.cpp.cpp; path = group.cpp; sourceTree = "<group>"; };
		314EC34E2874473100D21CA4 /* sphere.hpp */ = {isa = PBXFileReference; fileEncoding = 4; lastKnownFileType = sourcecode.cpp.h; path = sphere.hpp; sourceTree = "<group>"; };
		314EC34F2874473100D21CA4 /* sphere.cpp */ = {isa = PBXFileReference; fileEncoding = 4; lastKnownFileType = sourcecode.cpp.cpp; path = sphere.cpp; sourceTree = "<group>"; };
		314EC3502874473100D21CA4 /* plane.hpp */ = {isa = PBXFileReference; fileEncoding = 4; lastKnownFileType = sourcecode.cpp.h; path = plane.hpp; sourceTree = "<group>"; };
		314EC3512874473100D21CA4 /* group.hpp */ = {isa = PBXFileReference; fileEncoding = 4; lastKnownFileType = sourcecode.cpp.h; path = group.hpp; sourceTree = "<group>"; };
		314EC3522874473100D21CA4 /* grid.cpp */ = {isa = PBXFileReference; fileEncoding = 4; lastKnownFileType = sourcecode.cpp.cpp; path = grid.cpp; sourceTree = "<group>"; };
		314EC3532874473100D21CA4 /* object3d.hpp */ = {isa = PBXFileReference; fileEncoding = 4; lastKnownFileType = sourcecode.cpp.h; path = object3d.hpp; sourceTree = "<group>"; };
		314EC3542874473100D21CA4 /* transform.hpp */ = {isa = PBXFileReference; fileEncoding = 4; lastKnownFileType = sourcecode.cpp.h; path = transform.hpp; sourceTree = "<group>"; };
		314EC3552874473100D21CA4 /* object3dvector.hpp */ = {isa = PBXFileReference; fileEncoding = 4; lastKnownFileType = sourcecode.cpp.h; path = object3dvector.hpp; sourceTree = "<group>"; };
		314EC3562874473100D21CA4 /* plane.cpp */ = {isa = PBXFileReference; fileEncoding = 4; lastKnownFileType = sourcecode.cpp.cpp; path = plane.cpp; sourceTree = "<group>"; };
		314EC3572874473100D21CA4 /* triangle.cpp */ = {isa = PBXFileReference; fileEncoding = 4; lastKnownFileType = sourcecode.cpp.cpp; path = triangle.cpp; sourceTree = "<group>"; };
		314EC3582874473100D21CA4 /* triangle.hpp */ = {isa = PBXFileReference; fileEncoding = 4; lastKnownFileType = sourcecode.cpp.h; path = triangle.hpp; sourceTree = "<group>"; };
		314EC35F2874474200D21CA4 /* light.hpp */ = {isa = PBXFileReference; fileEncoding = 4; lastKnownFileType = sourcecode.cpp.h; path = light.hpp; sourceTree = "<group>"; };
		314EC3602874474200D21CA4 /* phong_material.cpp */ = {isa = PBXFileReference; fileEncoding = 4; lastKnownFileType = sourcecode.cpp.cpp; path = phong_material.cpp; sourceTree = "<group>"; };
		314EC3612874474200D21CA4 /* boundingbox.hpp */ = {isa = PBXFileReference; fileEncoding = 4; lastKnownFileType = sourcecode.cpp.h; path = boundingbox.hpp; sourceTree = "<group>"; };
		314EC3622874474200D21CA4 /* light.cpp */ = {isa = PBXFileReference; fileEncoding = 4; lastKnownFileType = sourcecode.cpp.cpp; path = light.cpp; sourceTree = "<group>"; };
		314EC3632874474200D21CA4 /* perspective_camera.cpp */ = {isa = PBXFileReference; fileEncoding = 4; lastKnownFileType = sourcecode.cpp.cpp; path = perspective_camera.cpp; sourceTree = "<group>"; };
		314EC3642874474200D21CA4 /* rayTree.cpp */ = {isa = PBXFileReference; fileEncoding = 4; lastKnownFileType = sourcecode.cpp.cpp; path = rayTree.cpp; sourceTree = "<group>"; };
		314EC3652874474200D21CA4 /* ray_tracer.cpp */ = {isa = PBXFileReference; fileEncoding = 4; lastKnownFileType = sourcecode.cpp.cpp; path = ray_tracer.cpp; sourceTree = "<group>"; };
		314EC3662874474200D21CA4 /* rayTree.hpp */ = {isa = PBXFileReference; fileEncoding = 4; lastKnownFileType = sourcecode.cpp.h; path = rayTree.hpp; sourceTree = "<group>"; };
		314EC3672874474200D21CA4 /* orthographic_camera.cpp */ = {isa = PBXFileReference; fileEncoding = 4; lastKnownFileType = sourcecode.cpp.cpp; path = orthographic_camera.cpp; sourceTree = "<group>"; };
		314EC3682874474200D21CA4 /* camera.hpp */ = {isa = PBXFileReference; fileEncoding = 4; lastKnownFileType = sourcecode.cpp.h; path = camera.hpp; sourceTree = "<group>"; };
		314EC3692874474200D21CA4 /* hit.hpp */ = {isa = PBXFileReference; fileEncoding = 4; lastKnownFileType = sourcecode.cpp.h; path = hit.hpp; sourceTree = "<group>"; };
		314EC36A2874474200D21CA4 /* ray_tracer.hpp */ = {isa = PBXFileReference; fileEncoding = 4; lastKnownFileType = sourcecode.cpp.h; path = ray_tracer.hpp; sourceTree = "<group>"; };
		314EC36B2874474200D21CA4 /* perspective_camera.hpp */ = {isa = PBXFileReference; fileEncoding = 4; lastKnownFileType = sourcecode.cpp.h; path = perspective_camera.hpp; sourceTree = "<group>"; };
		314EC36C2874474200D21CA4 /* phong_material.hpp */ = {isa = PBXFileReference; fileEncoding = 4; lastKnownFileType = sourcecode.cpp.h; path = phong_material.hpp; sourceTree = "<group>"; };
		314EC36D2874474200D21CA4 /* orthographic_camera.hpp */ = {isa = PBXFileReference; fileEncoding = 4; lastKnownFileType = sourcecode.cpp.h; path = orthographic_camera.hpp; sourceTree = "<group>"; };
		314EC36E2874474200D21CA4 /* boundingbox.cpp */ = {isa = PBXFileReference; fileEncoding = 4; lastKnownFileType = sourcecode.cpp.cpp; path = boundingbox.cpp; sourceTree = "<group>"; };
		314EC36F2874474200D21CA4 /* ray.hpp */ = {isa = PBXFileReference; fileEncoding = 4; lastKnownFileType = sourcecode.cpp.h; path = ray.hpp; sourceTree = "<group>"; };
		314EC3702874474200D21CA4 /* material.hpp */ = {isa = PBXFileReference; fileEncoding = 4; lastKnownFileType = sourcecode.cpp.h; path = material.hpp; sourceTree = "<group>"; };
		314EC3782874478500D21CA4 /* scene_parser.hpp */ = {isa = PBXFileReference; fileEncoding = 4; lastKnownFileType = sourcecode.cpp.h; path = scene_parser.hpp; sourceTree = "<group>"; };
		314EC3792874478500D21CA4 /* scene_parser.cpp */ = {isa = PBXFileReference; fileEncoding = 4; lastKnownFileType = sourcecode.cpp.cpp; path = scene_parser.cpp; sourceTree = "<group>"; };
		314EC37B287447A800D21CA4 /* Assignment6.entitlements */ = {isa = PBXFileReference; lastKnownFileType = text.plist.entitlements; path = Assignment6.entitlements; sourceTree = "<group>"; };
		314EC37D287447BD00D21CA4 /* OpenGL.framework */ = {isa = PBXFileReference; lastKnownFileType = wrapper.framework; name = OpenGL.framework; path = System/Library/Frameworks/OpenGL.framework; sourceTree = SDKROOT; };
		314EC37F287447C300D21CA4 /* GLUT.framework */ = {isa = PBXFileReference; lastKnownFileType = wrapper.framework; name = GLUT.framework; path = System/Library/Frameworks/GLUT.framework; sourceTree = SDKROOT; };
		314EC3812874483000D21CA4 /* 6.837.obj */ = {isa = PBXFileReference; fileEncoding = 4; lastKnownFileType = text; path = 6.837.obj; sourceTree = "<group>"; };
		314EC3822874483000D21CA4 /* vase.obj */ = {isa = PBXFileReference; fileEncoding = 4; lastKnownFileType = text; path = vase.obj; sourceTree = "<group>"; };
		314EC383287448A200D21CA4 /* scene6_07_bunny_mesh_40k.txt */ = {isa = PBXFileReference; fileEncoding = 4; lastKnownFileType = text; path = scene6_07_bunny_mesh_40k.txt; sourceTree = "<group>"; };
		314EC384287448A200D21CA4 /* scene6_09_rotated_triangles.txt */ = {isa = PBXFileReference; fileEncoding = 4; lastKnownFileType = text; path = scene6_09_rotated_triangles.txt; sourceTree = "<group>"; };
		314EC385287448A200D21CA4 /* scene6_08_scale_translate.txt */ = {isa = PBXFileReference; fileEncoding = 4; lastKnownFileType = text; path = scene6_08_scale_translate.txt; sourceTree = "<group>"; };
		314EC386287448A200D21CA4 /* scene6_01_sphere.txt */ = {isa = PBXFileReference; fileEncoding = 4; lastKnownFileType = text; path = scene6_01_sphere.txt; sourceTree = "<group>"; };
		314EC387287448A200D21CA4 /* scene6_10_nested_transformations.txt */ = {isa = PBXFileReference; fileEncoding = 4; lastKnownFileType = text; path = scene6_10_nested_transformations.txt; sourceTree = "<group>"; };
		314EC388287448A200D21CA4 /* scene6_12_faceted_gem.txt */ = {isa = PBXFileReference; fileEncoding = 4; lastKnownFileType = text; path = scene6_12_faceted_gem.txt; sourceTree = "<group>"; };
		314EC389287448A200D21CA4 /* scene6_02_sphere_triangles.txt */ = {isa = PBXFileReference; fileEncoding = 4; lastKnownFileType = text; path = scene6_02_sphere_triangles.txt; sourceTree = "<group>"; };
		314EC38A287448A200D21CA4 /* scene6_13_checkerboard.txt */ = {isa = PBXFileReference; fileEncoding = 4; lastKnownFileType = text; path = scene6_13_checkerboard.txt; sourceTree = "<group>"; };
		314EC38B287448A200D21CA4 /* scene6_18_6.837_logo.txt */ = {isa = PBXFileReference; fileEncoding = 4; lastKnownFileType = text; path = scene6_18_6.837_logo.txt; sourceTree = "<group>"; };
		314EC38C287448A200D21CA4 /* scene6_06_bunny_mesh_5k.txt */ = {isa = PBXFileReference; fileEncoding = 4; lastKnownFileType = text; path = scene6_06_bunny_mesh_5k.txt; sourceTree = "<group>"; };
		314EC38D287448A200D21CA4 /* scene6_03_sphere_plane.txt */ = {isa = PBXFileReference; fileEncoding = 4; lastKnownFileType = text; path = scene6_03_sphere_plane.txt; sourceTree = "<group>"; };
		314EC38E287448A200D21CA4 /* scene6_17_marble_vase.txt */ = {isa = PBXFileReference; fileEncoding = 4; lastKnownFileType = text; path = scene6_17_marble_vase.txt; sourceTree = "<group>"; };
		314EC38F287448A200D21CA4 /* scene6_16_wood_cubes.txt */ = {isa = PBXFileReference; fileEncoding = 4; lastKnownFileType = text; path = scene6_16_wood_cubes.txt; sourceTree = "<group>"; };
		314EC390287448A200D21CA4 /* scene6_04_bunny_mesh_200.txt */ = {isa = PBXFileReference; fileEncoding = 4; lastKnownFileType = text; path = scene6_04_bunny_mesh_200.txt; sourceTree = "<group>"; };
		314EC391287448A200D21CA4 /* scene6_14_glass_sphere.txt */ = {isa = PBXFileReference; fileEncoding = 4; lastKnownFileType = text; path = scene6_14_glass_sphere.txt; sourceTree = "<group>"; };
		314EC392287448A200D21CA4 /* scene6_15_marble_cubes.txt */ = {isa = PBXFileReference; fileEncoding = 4; lastKnownFileType = text; path = scene6_15_marble_cubes.txt; sourceTree = "<group>"; };
		314EC393287448A200D21CA4 /* scene6_05_bunny_mesh_1k.txt */ = {isa = PBXFileReference; fileEncoding = 4; lastKnownFileType = text; path = scene6_05_bunny_mesh_1k.txt; sourceTree = "<group>"; };
		314EC394287448A200D21CA4 /* scene6_11_mirrored_floor.txt */ = {isa = PBXFileReference; fileEncoding = 4; lastKnownFileType = text; path = scene6_11_mirrored_floor.txt; sourceTree = "<group>"; };
		314EC395287537E500D21CA4 /* raytracing_stats.cpp */ = {isa = PBXFileReference; fileEncoding = 4; lastKnownFileType = sourcecode.cpp.cpp; path = raytracing_stats.cpp; sourceTree = "<group>"; };
		314EC396287537E500D21CA4 /* raytracing_stats.hpp */ = {isa = PBXFileReference; fileEncoding = 4; lastKnownFileType = sourcecode.cpp.h; path = raytracing_stats.hpp; sourceTree = "<group>"; };
/* End PBXFileReference section */

/* Begin PBXFrameworksBuildPhase section */
		314EC32A287446C400D21CA4 /* Frameworks */ = {
			isa = PBXFrameworksBuildPhase;
			buildActionMask = 2147483647;
			files = (
				314EC380287447C300D21CA4 /* GLUT.framework in Frameworks */,
				314EC37E287447BD00D21CA4 /* OpenGL.framework in Frameworks */,
			);
			runOnlyForDeploymentPostprocessing = 0;
		};
/* End PBXFrameworksBuildPhase section */

/* Begin PBXGroup section */
		314EC324287446C400D21CA4 = {
			isa = PBXGroup;
			children = (
				314EC32F287446C400D21CA4 /* Assignment6 */,
				314EC32E287446C400D21CA4 /* Products */,
				314EC37C287447BD00D21CA4 /* Frameworks */,
			);
			sourceTree = "<group>";
		};
		314EC32E287446C400D21CA4 /* Products */ = {
			isa = PBXGroup;
			children = (
				314EC32D287446C400D21CA4 /* Assignment6 */,
			);
			name = Products;
			sourceTree = "<group>";
		};
		314EC32F287446C400D21CA4 /* Assignment6 */ = {
			isa = PBXGroup;
			children = (
				314EC37B287447A800D21CA4 /* Assignment6.entitlements */,
				314EC386287448A200D21CA4 /* scene6_01_sphere.txt */,
				314EC389287448A200D21CA4 /* scene6_02_sphere_triangles.txt */,
				314EC38D287448A200D21CA4 /* scene6_03_sphere_plane.txt */,
				314EC390287448A200D21CA4 /* scene6_04_bunny_mesh_200.txt */,
				314EC393287448A200D21CA4 /* scene6_05_bunny_mesh_1k.txt */,
				314EC38C287448A200D21CA4 /* scene6_06_bunny_mesh_5k.txt */,
				314EC383287448A200D21CA4 /* scene6_07_bunny_mesh_40k.txt */,
				314EC385287448A200D21CA4 /* scene6_08_scale_translate.txt */,
				314EC384287448A200D21CA4 /* scene6_09_rotated_triangles.txt */,
				314EC387287448A200D21CA4 /* scene6_10_nested_transformations.txt */,
				314EC394287448A200D21CA4 /* scene6_11_mirrored_floor.txt */,
				314EC388287448A200D21CA4 /* scene6_12_faceted_gem.txt */,
				314EC38A287448A200D21CA4 /* scene6_13_checkerboard.txt */,
				314EC391287448A200D21CA4 /* scene6_14_glass_sphere.txt */,
				314EC392287448A200D21CA4 /* scene6_15_marble_cubes.txt */,
				314EC38F287448A200D21CA4 /* scene6_16_wood_cubes.txt */,
				314EC38E287448A200D21CA4 /* scene6_17_marble_vase.txt */,
				314EC38B287448A200D21CA4 /* scene6_18_6.837_logo.txt */,
				314EC3432874470A00D21CA4 /* rayTracer */,
				314EC3422874470200D21CA4 /* obj */,
				314EC341287446FB00D21CA4 /* common */,
				314EC339287446F400D21CA4 /* bunny_1k.obj */,
				314EC33C287446F400D21CA4 /* bunny_5k.obj */,
				314EC337287446F400D21CA4 /* bunny_40k.obj */,
				314EC33A287446F400D21CA4 /* bunny_200.obj */,
				314EC33B287446F400D21CA4 /* cube.obj */,
				314EC33E287446F400D21CA4 /* diamond.obj */,
				314EC3822874483000D21CA4 /* vase.obj */,
				314EC3812874483000D21CA4 /* 6.837.obj */,
				314EC33D287446F400D21CA4 /* extern.hpp */,
				314EC33F287446F400D21CA4 /* glCanvas.cpp */,
				314EC338287446F400D21CA4 /* glCanvas.hpp */,
				314EC3792874478500D21CA4 /* scene_parser.cpp */,
				314EC3782874478500D21CA4 /* scene_parser.hpp */,
				314EC330287446C400D21CA4 /* main.cpp */,
			);
			path = Assignment6;
			sourceTree = "<group>";
		};
		314EC341287446FB00D21CA4 /* common */ = {
			isa = PBXGroup;
			children = (
				314EC3482874471F00D21CA4 /* image.cpp */,
				314EC3442874471F00D21CA4 /* image.hpp */,
				314EC3462874471F00D21CA4 /* matrix.cpp */,
				314EC3472874471F00D21CA4 /* matrix.hpp */,
				314EC3452874471F00D21CA4 /* vectors.hpp */,
			);
			path = common;
			sourceTree = "<group>";
		};
		314EC3422874470200D21CA4 /* obj */ = {
			isa = PBXGroup;
			children = (
				314EC3522874473100D21CA4 /* grid.cpp */,
				314EC34C2874473100D21CA4 /* grid.hpp */,
				314EC34D2874473100D21CA4 /* group.cpp */,
				314EC3512874473100D21CA4 /* group.hpp */,
				314EC3532874473100D21CA4 /* object3d.hpp */,
				314EC3552874473100D21CA4 /* object3dvector.hpp */,
				314EC3562874473100D21CA4 /* plane.cpp */,
				314EC3502874473100D21CA4 /* plane.hpp */,
				314EC34F2874473100D21CA4 /* sphere.cpp */,
				314EC34E2874473100D21CA4 /* sphere.hpp */,
				314EC34B2874473100D21CA4 /* transform.cpp */,
				314EC3542874473100D21CA4 /* transform.hpp */,
				314EC3572874473100D21CA4 /* triangle.cpp */,
				314EC3582874473100D21CA4 /* triangle.hpp */,
			);
			path = obj;
			sourceTree = "<group>";
		};
		314EC3432874470A00D21CA4 /* rayTracer */ = {
			isa = PBXGroup;
			children = (
				314EC395287537E500D21CA4 /* raytracing_stats.cpp */,
				314EC396287537E500D21CA4 /* raytracing_stats.hpp */,
				314EC36E2874474200D21CA4 /* boundingbox.cpp */,
				314EC3612874474200D21CA4 /* boundingbox.hpp */,
				314EC3682874474200D21CA4 /* camera.hpp */,
				314EC3692874474200D21CA4 /* hit.hpp */,
				314EC3622874474200D21CA4 /* light.cpp */,
				314EC35F2874474200D21CA4 /* light.hpp */,
				314EC3702874474200D21CA4 /* material.hpp */,
				314EC3672874474200D21CA4 /* orthographic_camera.cpp */,
				314EC36D2874474200D21CA4 /* orthographic_camera.hpp */,
				314EC3632874474200D21CA4 /* perspective_camera.cpp */,
				314EC36B2874474200D21CA4 /* perspective_camera.hpp */,
				314EC3602874474200D21CA4 /* phong_material.cpp */,
				314EC36C2874474200D21CA4 /* phong_material.hpp */,
				314EC3652874474200D21CA4 /* ray_tracer.cpp */,
				314EC36A2874474200D21CA4 /* ray_tracer.hpp */,
				314EC36F2874474200D21CA4 /* ray.hpp */,
				314EC3642874474200D21CA4 /* rayTree.cpp */,
				314EC3662874474200D21CA4 /* rayTree.hpp */,
				313F0BC7287BBE5B00E30BD6 /* checker_board.cpp */,
				313F0BC8287BBE5B00E30BD6 /* checker_board.hpp */,
				313F0BCA287BFF5100E30BD6 /* perlin_noise.cpp */,
				313F0BCB287BFF5100E30BD6 /* perlin_noise.hpp */,
				313F0BCD287BFFA300E30BD6 /* noise.cpp */,
				313F0BCE287BFFA300E30BD6 /* noise.hpp */,
				313F0BD0287C1F0C00E30BD6 /* marble.cpp */,
				313F0BD1287C1F0C00E30BD6 /* marble.hpp */,
				313F0BD3287C204600E30BD6 /* wood.cpp */,
				313F0BD4287C204600E30BD6 /* wood.hpp */,
			);
			path = rayTracer;
			sourceTree = "<group>";
		};
		314EC37C287447BD00D21CA4 /* Frameworks */ = {
			isa = PBXGroup;
			children = (
				314EC37F287447C300D21CA4 /* GLUT.framework */,
				314EC37D287447BD00D21CA4 /* OpenGL.framework */,
			);
			name = Frameworks;
			sourceTree = "<group>";
		};
/* End PBXGroup section */

/* Begin PBXNativeTarget section */
		314EC32C287446C400D21CA4 /* Assignment6 */ = {
			isa = PBXNativeTarget;
			buildConfigurationList = 314EC334287446C400D21CA4 /* Build configuration list for PBXNativeTarget "Assignment6" */;
			buildPhases = (
				314EC329287446C400D21CA4 /* Sources */,
				314EC32A287446C400D21CA4 /* Frameworks */,
				314EC32B287446C400D21CA4 /* CopyFiles */,
			);
			buildRules = (
			);
			dependencies = (
			);
			name = Assignment6;
			productName = Assignment6;
			productReference = 314EC32D287446C400D21CA4 /* Assignment6 */;
			productType = "com.apple.product-type.tool";
		};
/* End PBXNativeTarget section */

/* Begin PBXProject section */
		314EC325287446C400D21CA4 /* Project object */ = {
			isa = PBXProject;
			attributes = {
				BuildIndependentTargetsInParallel = 1;
				LastUpgradeCheck = 1340;
				TargetAttributes = {
					314EC32C287446C400D21CA4 = {
						CreatedOnToolsVersion = 13.4.1;
					};
				};
			};
			buildConfigurationList = 314EC328287446C400D21CA4 /* Build configuration list for PBXProject "Assignment6" */;
			compatibilityVersion = "Xcode 13.0";
			developmentRegion = en;
			hasScannedForEncodings = 0;
			knownRegions = (
				en,
				Base,
			);
			mainGroup = 314EC324287446C400D21CA4;
			productRefGroup = 314EC32E287446C400D21CA4 /* Products */;
			projectDirPath = "";
			projectRoot = "";
			targets = (
				314EC32C287446C400D21CA4 /* Assignment6 */,
			);
		};
/* End PBXProject section */

/* Begin PBXSourcesBuildPhase section */
		314EC329287446C400D21CA4 /* Sources */ = {
			isa = PBXSourcesBuildPhase;
			buildActionMask = 2147483647;
			files = (
				314EC3712874474200D21CA4 /* phong_material.cpp in Sources */,
				314EC35B2874473100D21CA4 /* sphere.cpp in Sources */,
				313F0BD5287C204600E30BD6 /* wood.cpp in Sources */,
				313F0BCC287BFF5100E30BD6 /* perlin_noise.cpp in Sources */,
				314EC397287537E500D21CA4 /* raytracing_stats.cpp in Sources */,
				314EC3722874474200D21CA4 /* light.cpp in Sources */,
				314EC340287446F400D21CA4 /* glCanvas.cpp in Sources */,
				314EC34A2874471F00D21CA4 /* image.cpp in Sources */,
				314EC3752874474200D21CA4 /* ray_tracer.cpp in Sources */,
				314EC35E2874473100D21CA4 /* triangle.cpp in Sources */,
				314EC3592874473100D21CA4 /* transform.cpp in Sources */,
				313F0BCF287BFFA300E30BD6 /* noise.cpp in Sources */,
				314EC3732874474200D21CA4 /* perspective_camera.cpp in Sources */,
				314EC37A2874478500D21CA4 /* scene_parser.cpp in Sources */,
				314EC35A2874473100D21CA4 /* group.cpp in Sources */,
				314EC3762874474200D21CA4 /* orthographic_camera.cpp in Sources */,
				314EC35D2874473100D21CA4 /* plane.cpp in Sources */,
				314EC3742874474200D21CA4 /* rayTree.cpp in Sources */,
				314EC3772874474200D21CA4 /* boundingbox.cpp in Sources */,
				314EC331287446C400D21CA4 /* main.cpp in Sources */,
				314EC3492874471F00D21CA4 /* matrix.cpp in Sources */,
				313F0BD2287C1F0C00E30BD6 /* marble.cpp in Sources */,
				313F0BC9287BBE5B00E30BD6 /* checker_board.cpp in Sources */,
				314EC35C2874473100D21CA4 /* grid.cpp in Sources */,
			);
			runOnlyForDeploymentPostprocessing = 0;
		};
/* End PBXSourcesBuildPhase section */

/* Begin XCBuildConfiguration section */
		314EC332287446C400D21CA4 /* Debug */ = {
			isa = XCBuildConfiguration;
			buildSettings = {
				ALWAYS_SEARCH_USER_PATHS = NO;
				CLANG_ANALYZER_NONNULL = YES;
				CLANG_ANALYZER_NUMBER_OBJECT_CONVERSION = YES_AGGRESSIVE;
				CLANG_CXX_LANGUAGE_STANDARD = "gnu++17";
				CLANG_ENABLE_MODULES = YES;
				CLANG_ENABLE_OBJC_ARC = YES;
				CLANG_ENABLE_OBJC_WEAK = YES;
				CLANG_WARN_BLOCK_CAPTURE_AUTORELEASING = YES;
				CLANG_WARN_BOOL_CONVERSION = YES;
				CLANG_WARN_COMMA = YES;
				CLANG_WARN_CONSTANT_CONVERSION = YES;
				CLANG_WARN_DEPRECATED_OBJC_IMPLEMENTATIONS = YES;
				CLANG_WARN_DIRECT_OBJC_ISA_USAGE = YES_ERROR;
				CLANG_WARN_DOCUMENTATION_COMMENTS = YES;
				CLANG_WARN_EMPTY_BODY = YES;
				CLANG_WARN_ENUM_CONVERSION = YES;
				CLANG_WARN_INFINITE_RECURSION = YES;
				CLANG_WARN_INT_CONVERSION = YES;
				CLANG_WARN_NON_LITERAL_NULL_CONVERSION = YES;
				CLANG_WARN_OBJC_IMPLICIT_RETAIN_SELF = YES;
				CLANG_WARN_OBJC_LITERAL_CONVERSION = YES;
				CLANG_WARN_OBJC_ROOT_CLASS = YES_ERROR;
				CLANG_WARN_QUOTED_INCLUDE_IN_FRAMEWORK_HEADER = YES;
				CLANG_WARN_RANGE_LOOP_ANALYSIS = YES;
				CLANG_WARN_STRICT_PROTOTYPES = YES;
				CLANG_WARN_SUSPICIOUS_MOVE = YES;
				CLANG_WARN_UNGUARDED_AVAILABILITY = YES_AGGRESSIVE;
				CLANG_WARN_UNREACHABLE_CODE = YES;
				CLANG_WARN__DUPLICATE_METHOD_MATCH = YES;
				COPY_PHASE_STRIP = NO;
				DEBUG_INFORMATION_FORMAT = dwarf;
				ENABLE_STRICT_OBJC_MSGSEND = YES;
				ENABLE_TESTABILITY = YES;
				GCC_C_LANGUAGE_STANDARD = gnu11;
				GCC_DYNAMIC_NO_PIC = NO;
				GCC_NO_COMMON_BLOCKS = YES;
				GCC_OPTIMIZATION_LEVEL = 0;
				GCC_PREPROCESSOR_DEFINITIONS = (
					"DEBUG=1",
					"$(inherited)",
				);
				GCC_WARN_64_TO_32_BIT_CONVERSION = YES;
				GCC_WARN_ABOUT_RETURN_TYPE = YES_ERROR;
				GCC_WARN_UNDECLARED_SELECTOR = YES;
				GCC_WARN_UNINITIALIZED_AUTOS = YES_AGGRESSIVE;
				GCC_WARN_UNUSED_FUNCTION = YES;
				GCC_WARN_UNUSED_VARIABLE = YES;
				MACOSX_DEPLOYMENT_TARGET = 12.3;
				MTL_ENABLE_DEBUG_INFO = INCLUDE_SOURCE;
				MTL_FAST_MATH = YES;
				ONLY_ACTIVE_ARCH = YES;
				SDKROOT = macosx;
			};
			name = Debug;
		};
		314EC333287446C400D21CA4 /* Release */ = {
			isa = XCBuildConfiguration;
			buildSettings = {
				ALWAYS_SEARCH_USER_PATHS = NO;
				CLANG_ANALYZER_NONNULL = YES;
				CLANG_ANALYZER_NUMBER_OBJECT_CONVERSION = YES_AGGRESSIVE;
				CLANG_CXX_LANGUAGE_STANDARD = "gnu++17";
				CLANG_ENABLE_MODULES = YES;
				CLANG_ENABLE_OBJC_ARC = YES;
				CLANG_ENABLE_OBJC_WEAK = YES;
				CLANG_WARN_BLOCK_CAPTURE_AUTORELEASING = YES;
				CLANG_WARN_BOOL_CONVERSION = YES;
				CLANG_WARN_COMMA = YES;
				CLANG_WARN_CONSTANT_CONVERSION = YES;
				CLANG_WARN_DEPRECATED_OBJC_IMPLEMENTATIONS = YES;
				CLANG_WARN_DIRECT_OBJC_ISA_USAGE = YES_ERROR;
				CLANG_WARN_DOCUMENTATION_COMMENTS = YES;
				CLANG_WARN_EMPTY_BODY = YES;
				CLANG_WARN_ENUM_CONVERSION = YES;
				CLANG_WARN_INFINITE_RECURSION = YES;
				CLANG_WARN_INT_CONVERSION = YES;
				CLANG_WARN_NON_LITERAL_NULL_CONVERSION = YES;
				CLANG_WARN_OBJC_IMPLICIT_RETAIN_SELF = YES;
				CLANG_WARN_OBJC_LITERAL_CONVERSION = YES;
				CLANG_WARN_OBJC_ROOT_CLASS = YES_ERROR;
				CLANG_WARN_QUOTED_INCLUDE_IN_FRAMEWORK_HEADER = YES;
				CLANG_WARN_RANGE_LOOP_ANALYSIS = YES;
				CLANG_WARN_STRICT_PROTOTYPES = YES;
				CLANG_WARN_SUSPICIOUS_MOVE = YES;
				CLANG_WARN_UNGUARDED_AVAILABILITY = YES_AGGRESSIVE;
				CLANG_WARN_UNREACHABLE_CODE = YES;
				CLANG_WARN__DUPLICATE_METHOD_MATCH = YES;
				COPY_PHASE_STRIP = NO;
				DEBUG_INFORMATION_FORMAT = "dwarf-with-dsym";
				ENABLE_NS_ASSERTIONS = NO;
				ENABLE_STRICT_OBJC_MSGSEND = YES;
				GCC_C_LANGUAGE_STANDARD = gnu11;
				GCC_NO_COMMON_BLOCKS = YES;
				GCC_WARN_64_TO_32_BIT_CONVERSION = YES;
				GCC_WARN_ABOUT_RETURN_TYPE = YES_ERROR;
				GCC_WARN_UNDECLARED_SELECTOR = YES;
				GCC_WARN_UNINITIALIZED_AUTOS = YES_AGGRESSIVE;
				GCC_WARN_UNUSED_FUNCTION = YES;
				GCC_WARN_UNUSED_VARIABLE = YES;
				MACOSX_DEPLOYMENT_TARGET = 12.3;
				MTL_ENABLE_DEBUG_INFO = NO;
				MTL_FAST_MATH = YES;
				SDKROOT = macosx;
			};
			name = Release;
		};
		314EC335287446C400D21CA4 /* Debug */ = {
			isa = XCBuildConfiguration;
			buildSettings = {
				CODE_SIGN_ENTITLEMENTS = Assignment6/Assignment6.entitlements;
				CODE_SIGN_STYLE = Automatic;
				DEVELOPMENT_TEAM = S34XU5PV4F;
				ENABLE_HARDENED_RUNTIME = YES;
				PRODUCT_NAME = "$(TARGET_NAME)";
			};
			name = Debug;
		};
		314EC336287446C400D21CA4 /* Release */ = {
			isa = XCBuildConfiguration;
			buildSettings = {
				CODE_SIGN_ENTITLEMENTS = Assignment6/Assignment6.entitlements;
				CODE_SIGN_STYLE = Automatic;
				DEVELOPMENT_TEAM = S34XU5PV4F;
				ENABLE_HARDENED_RUNTIME = YES;
				PRODUCT_NAME = "$(TARGET_NAME)";
			};
			name = Release;
		};
/* End XCBuildConfiguration section */

/* Begin XCConfigurationList section */
		314EC328287446C400D21CA4 /* Build configuration list for PBXProject "Assignment6" */ = {
			isa = XCConfigurationList;
			buildConfigurations = (
				314EC332287446C400D21CA4 /* Debug */,
				314EC333287446C400D21CA4 /* Release */,
			);
			defaultConfigurationIsVisible = 0;
			defaultConfigurationName = Release;
		};
		314EC334287446C400D21CA4 /* Build configuration list for PBXNativeTarget "Assignment6" */ = {
			isa = XCConfigurationList;
			buildConfigurations = (
				314EC335287446C400D21CA4 /* Debug */,
				314EC336287446C400D21CA4 /* Release */,
			);
			defaultConfigurationIsVisible = 0;
			defaultConfigurationName = Release;
		};
/* End XCConfigurationList section */
	};
	rootObject = 314EC325287446C400D21CA4 /* Project object */;
}
