// !$*UTF8*$!
{
	archiveVersion = 1;
	classes = {
	};
	objectVersion = 55;
	objects = {

/* Begin PBXBuildFile section */
		31F7A1D528589695002A5A29 /* main.cpp in Sources */ = {isa = PBXBuildFile; fileRef = 31F7A1D428589695002A5A29 /* main.cpp */; };
		31F7A1E3285896CA002A5A29 /* scene_parser.cpp in Sources */ = {isa = PBXBuildFile; fileRef = 31F7A1DB285896CA002A5A29 /* scene_parser.cpp */; };
		31F7A1E4285896CA002A5A29 /* glCanvas.cpp in Sources */ = {isa = PBXBuildFile; fileRef = 31F7A1E2285896CA002A5A29 /* glCanvas.cpp */; };
		31F7A1EB285896ED002A5A29 /* image.cpp in Sources */ = {isa = PBXBuildFile; fileRef = 31F7A1E7285896ED002A5A29 /* image.cpp */; };
		31F7A1EC285896ED002A5A29 /* matrix.cpp in Sources */ = {isa = PBXBuildFile; fileRef = 31F7A1EA285896ED002A5A29 /* matrix.cpp */; };
		31F7A1FE2858970C002A5A29 /* cone.cpp in Sources */ = {isa = PBXBuildFile; fileRef = 31F7A1F02858970C002A5A29 /* cone.cpp */; };
		31F7A1FF2858970C002A5A29 /* plane.cpp in Sources */ = {isa = PBXBuildFile; fileRef = 31F7A1F72858970C002A5A29 /* plane.cpp */; };
		31F7A2002858970C002A5A29 /* sphere.cpp in Sources */ = {isa = PBXBuildFile; fileRef = 31F7A1F82858970C002A5A29 /* sphere.cpp */; };
		31F7A2012858970C002A5A29 /* transform.cpp in Sources */ = {isa = PBXBuildFile; fileRef = 31F7A1F92858970C002A5A29 /* transform.cpp */; };
		31F7A2022858970C002A5A29 /* cylinder.cpp in Sources */ = {isa = PBXBuildFile; fileRef = 31F7A1FA2858970C002A5A29 /* cylinder.cpp */; };
		31F7A2032858970C002A5A29 /* triangle.cpp in Sources */ = {isa = PBXBuildFile; fileRef = 31F7A1FB2858970C002A5A29 /* triangle.cpp */; };
		31F7A2042858970C002A5A29 /* group.cpp in Sources */ = {isa = PBXBuildFile; fileRef = 31F7A1FC2858970C002A5A29 /* group.cpp */; };
		31F7A21128589724002A5A29 /* perspective_camera.cpp in Sources */ = {isa = PBXBuildFile; fileRef = 31F7A20828589724002A5A29 /* perspective_camera.cpp */; };
		31F7A21228589724002A5A29 /* orthographic_camera.cpp in Sources */ = {isa = PBXBuildFile; fileRef = 31F7A20B28589724002A5A29 /* orthographic_camera.cpp */; };
		31F7A21328589724002A5A29 /* light.cpp in Sources */ = {isa = PBXBuildFile; fileRef = 31F7A20C28589724002A5A29 /* light.cpp */; };
		31F7A21428589724002A5A29 /* phong_material.cpp in Sources */ = {isa = PBXBuildFile; fileRef = 31F7A20E28589724002A5A29 /* phong_material.cpp */; };
		31F7A2192858A6A8002A5A29 /* ray_tracer.cpp in Sources */ = {isa = PBXBuildFile; fileRef = 31F7A2172858A6A8002A5A29 /* ray_tracer.cpp */; };
		31F7A21C2859FA62002A5A29 /* rayTree.cpp in Sources */ = {isa = PBXBuildFile; fileRef = 31F7A21A2859FA62002A5A29 /* rayTree.cpp */; };
		31F7A21F285A2BCA002A5A29 /* OpenGL.framework in Frameworks */ = {isa = PBXBuildFile; fileRef = 31F7A21E285A2BCA002A5A29 /* OpenGL.framework */; };
		31F7A221285A2BD0002A5A29 /* GLUT.framework in Frameworks */ = {isa = PBXBuildFile; fileRef = 31F7A220285A2BD0002A5A29 /* GLUT.framework */; };
		31F7A223285A2BE4002A5A29 /* libGLEW.2.2.0.dylib in Frameworks */ = {isa = PBXBuildFile; fileRef = 31F7A222285A2BE4002A5A29 /* libGLEW.2.2.0.dylib */; };
		31F7A227285A2C07002A5A29 /* libglfw.3.3.dylib in Frameworks */ = {isa = PBXBuildFile; fileRef = 31F7A226285A2C07002A5A29 /* libglfw.3.3.dylib */; };
/* End PBXBuildFile section */

/* Begin PBXCopyFilesBuildPhase section */
		31F7A1CF28589695002A5A29 /* CopyFiles */ = {
			isa = PBXCopyFilesBuildPhase;
			buildActionMask = 2147483647;
			dstPath = /usr/share/man/man1/;
			dstSubfolderSpec = 0;
			files = (
			);
			runOnlyForDeploymentPostprocessing = 1;
		};
/* End PBXCopyFilesBuildPhase section */

/* Begin PBXFileReference section */
		31F7A1D128589695002A5A29 /* Assignment4 */ = {isa = PBXFileReference; explicitFileType = "compiled.mach-o.executable"; includeInIndex = 0; path = Assignment4; sourceTree = BUILT_PRODUCTS_DIR; };
		31F7A1D428589695002A5A29 /* main.cpp */ = {isa = PBXFileReference; lastKnownFileType = sourcecode.cpp.cpp; path = main.cpp; sourceTree = "<group>"; };
		31F7A1DB285896CA002A5A29 /* scene_parser.cpp */ = {isa = PBXFileReference; fileEncoding = 4; lastKnownFileType = sourcecode.cpp.cpp; path = scene_parser.cpp; sourceTree = "<group>"; };
		31F7A1DC285896CA002A5A29 /* bunny_200.obj */ = {isa = PBXFileReference; fileEncoding = 4; lastKnownFileType = text; path = bunny_200.obj; sourceTree = "<group>"; };
		31F7A1DD285896CA002A5A29 /* glCanvas.hpp */ = {isa = PBXFileReference; fileEncoding = 4; lastKnownFileType = sourcecode.cpp.h; path = glCanvas.hpp; sourceTree = "<group>"; };
		31F7A1DE285896CA002A5A29 /* bunny_1k.obj */ = {isa = PBXFileReference; fileEncoding = 4; lastKnownFileType = text; path = bunny_1k.obj; sourceTree = "<group>"; };
		31F7A1DF285896CA002A5A29 /* extern.hpp */ = {isa = PBXFileReference; fileEncoding = 4; lastKnownFileType = sourcecode.cpp.h; path = extern.hpp; sourceTree = "<group>"; };
		31F7A1E0285896CA002A5A29 /* scene_parser.hpp */ = {isa = PBXFileReference; fileEncoding = 4; lastKnownFileType = sourcecode.cpp.h; path = scene_parser.hpp; sourceTree = "<group>"; };
		31F7A1E1285896CA002A5A29 /* cube.obj */ = {isa = PBXFileReference; fileEncoding = 4; lastKnownFileType = text; path = cube.obj; sourceTree = "<group>"; };
		31F7A1E2285896CA002A5A29 /* glCanvas.cpp */ = {isa = PBXFileReference; fileEncoding = 4; lastKnownFileType = sourcecode.cpp.cpp; path = glCanvas.cpp; sourceTree = "<group>"; };
		31F7A1E6285896ED002A5A29 /* image.hpp */ = {isa = PBXFileReference; fileEncoding = 4; lastKnownFileType = sourcecode.cpp.h; path = image.hpp; sourceTree = "<group>"; };
		31F7A1E7285896ED002A5A29 /* image.cpp */ = {isa = PBXFileReference; fileEncoding = 4; lastKnownFileType = sourcecode.cpp.cpp; path = image.cpp; sourceTree = "<group>"; };
		31F7A1E8285896ED002A5A29 /* matrix.hpp */ = {isa = PBXFileReference; fileEncoding = 4; lastKnownFileType = sourcecode.cpp.h; path = matrix.hpp; sourceTree = "<group>"; };
		31F7A1E9285896ED002A5A29 /* vectors.hpp */ = {isa = PBXFileReference; fileEncoding = 4; lastKnownFileType = sourcecode.cpp.h; path = vectors.hpp; sourceTree = "<group>"; };
		31F7A1EA285896ED002A5A29 /* matrix.cpp */ = {isa = PBXFileReference; fileEncoding = 4; lastKnownFileType = sourcecode.cpp.cpp; path = matrix.cpp; sourceTree = "<group>"; };
		31F7A1EF2858970C002A5A29 /* triangle.hpp */ = {isa = PBXFileReference; fileEncoding = 4; lastKnownFileType = sourcecode.cpp.h; path = triangle.hpp; sourceTree = "<group>"; };
		31F7A1F02858970C002A5A29 /* cone.cpp */ = {isa = PBXFileReference; fileEncoding = 4; lastKnownFileType = sourcecode.cpp.cpp; path = cone.cpp; sourceTree = "<group>"; };
		31F7A1F12858970C002A5A29 /* object3d.hpp */ = {isa = PBXFileReference; fileEncoding = 4; lastKnownFileType = sourcecode.cpp.h; path = object3d.hpp; sourceTree = "<group>"; };
		31F7A1F22858970C002A5A29 /* group.hpp */ = {isa = PBXFileReference; fileEncoding = 4; lastKnownFileType = sourcecode.cpp.h; path = group.hpp; sourceTree = "<group>"; };
		31F7A1F32858970C002A5A29 /* transform.hpp */ = {isa = PBXFileReference; fileEncoding = 4; lastKnownFileType = sourcecode.cpp.h; path = transform.hpp; sourceTree = "<group>"; };
		31F7A1F42858970C002A5A29 /* cone.hpp */ = {isa = PBXFileReference; fileEncoding = 4; lastKnownFileType = sourcecode.cpp.h; path = cone.hpp; sourceTree = "<group>"; };
		31F7A1F52858970C002A5A29 /* cylinder.hpp */ = {isa = PBXFileReference; fileEncoding = 4; lastKnownFileType = sourcecode.cpp.h; path = cylinder.hpp; sourceTree = "<group>"; };
		31F7A1F62858970C002A5A29 /* sphere.hpp */ = {isa = PBXFileReference; fileEncoding = 4; lastKnownFileType = sourcecode.cpp.h; path = sphere.hpp; sourceTree = "<group>"; };
		31F7A1F72858970C002A5A29 /* plane.cpp */ = {isa = PBXFileReference; fileEncoding = 4; lastKnownFileType = sourcecode.cpp.cpp; path = plane.cpp; sourceTree = "<group>"; };
		31F7A1F82858970C002A5A29 /* sphere.cpp */ = {isa = PBXFileReference; fileEncoding = 4; lastKnownFileType = sourcecode.cpp.cpp; path = sphere.cpp; sourceTree = "<group>"; };
		31F7A1F92858970C002A5A29 /* transform.cpp */ = {isa = PBXFileReference; fileEncoding = 4; lastKnownFileType = sourcecode.cpp.cpp; path = transform.cpp; sourceTree = "<group>"; };
		31F7A1FA2858970C002A5A29 /* cylinder.cpp */ = {isa = PBXFileReference; fileEncoding = 4; lastKnownFileType = sourcecode.cpp.cpp; path = cylinder.cpp; sourceTree = "<group>"; };
		31F7A1FB2858970C002A5A29 /* triangle.cpp */ = {isa = PBXFileReference; fileEncoding = 4; lastKnownFileType = sourcecode.cpp.cpp; path = triangle.cpp; sourceTree = "<group>"; };
		31F7A1FC2858970C002A5A29 /* group.cpp */ = {isa = PBXFileReference; fileEncoding = 4; lastKnownFileType = sourcecode.cpp.cpp; path = group.cpp; sourceTree = "<group>"; };
		31F7A1FD2858970C002A5A29 /* plane.hpp */ = {isa = PBXFileReference; fileEncoding = 4; lastKnownFileType = sourcecode.cpp.h; path = plane.hpp; sourceTree = "<group>"; };
		31F7A20528589724002A5A29 /* hit.hpp */ = {isa = PBXFileReference; fileEncoding = 4; lastKnownFileType = sourcecode.cpp.h; path = hit.hpp; sourceTree = "<group>"; };
		31F7A20628589724002A5A29 /* light.hpp */ = {isa = PBXFileReference; fileEncoding = 4; lastKnownFileType = sourcecode.cpp.h; path = light.hpp; sourceTree = "<group>"; };
		31F7A20728589724002A5A29 /* orthographic_camera.hpp */ = {isa = PBXFileReference; fileEncoding = 4; lastKnownFileType = sourcecode.cpp.h; path = orthographic_camera.hpp; sourceTree = "<group>"; };
		31F7A20828589724002A5A29 /* perspective_camera.cpp */ = {isa = PBXFileReference; fileEncoding = 4; lastKnownFileType = sourcecode.cpp.cpp; path = perspective_camera.cpp; sourceTree = "<group>"; };
		31F7A20928589724002A5A29 /* material.hpp */ = {isa = PBXFileReference; fileEncoding = 4; lastKnownFileType = sourcecode.cpp.h; path = material.hpp; sourceTree = "<group>"; };
		31F7A20A28589724002A5A29 /* phong_material.hpp */ = {isa = PBXFileReference; fileEncoding = 4; lastKnownFileType = sourcecode.cpp.h; path = phong_material.hpp; sourceTree = "<group>"; };
		31F7A20B28589724002A5A29 /* orthographic_camera.cpp */ = {isa = PBXFileReference; fileEncoding = 4; lastKnownFileType = sourcecode.cpp.cpp; path = orthographic_camera.cpp; sourceTree = "<group>"; };
		31F7A20C28589724002A5A29 /* light.cpp */ = {isa = PBXFileReference; fileEncoding = 4; lastKnownFileType = sourcecode.cpp.cpp; path = light.cpp; sourceTree = "<group>"; };
		31F7A20D28589724002A5A29 /* ray.hpp */ = {isa = PBXFileReference; fileEncoding = 4; lastKnownFileType = sourcecode.cpp.h; path = ray.hpp; sourceTree = "<group>"; };
		31F7A20E28589724002A5A29 /* phong_material.cpp */ = {isa = PBXFileReference; fileEncoding = 4; lastKnownFileType = sourcecode.cpp.cpp; path = phong_material.cpp; sourceTree = "<group>"; };
		31F7A20F28589724002A5A29 /* camera.hpp */ = {isa = PBXFileReference; fileEncoding = 4; lastKnownFileType = sourcecode.cpp.h; path = camera.hpp; sourceTree = "<group>"; };
		31F7A21028589724002A5A29 /* perspective_camera.hpp */ = {isa = PBXFileReference; fileEncoding = 4; lastKnownFileType = sourcecode.cpp.h; path = perspective_camera.hpp; sourceTree = "<group>"; };
		31F7A21528589798002A5A29 /* Assignment4.entitlements */ = {isa = PBXFileReference; lastKnownFileType = text.plist.entitlements; path = Assignment4.entitlements; sourceTree = "<group>"; };
		31F7A21628589FBE002A5A29 /* diamond.obj */ = {isa = PBXFileReference; fileEncoding = 4; lastKnownFileType = text; path = diamond.obj; sourceTree = "<group>"; };
		31F7A2172858A6A8002A5A29 /* ray_tracer.cpp */ = {isa = PBXFileReference; lastKnownFileType = sourcecode.cpp.cpp; path = ray_tracer.cpp; sourceTree = "<group>"; };
		31F7A2182858A6A8002A5A29 /* ray_tracer.hpp */ = {isa = PBXFileReference; lastKnownFileType = sourcecode.cpp.h; path = ray_tracer.hpp; sourceTree = "<group>"; };
		31F7A21A2859FA62002A5A29 /* rayTree.cpp */ = {isa = PBXFileReference; lastKnownFileType = sourcecode.cpp.cpp; path = rayTree.cpp; sourceTree = "<group>"; };
		31F7A21B2859FA62002A5A29 /* rayTree.hpp */ = {isa = PBXFileReference; lastKnownFileType = sourcecode.cpp.h; path = rayTree.hpp; sourceTree = "<group>"; };
		31F7A21E285A2BCA002A5A29 /* OpenGL.framework */ = {isa = PBXFileReference; lastKnownFileType = wrapper.framework; name = OpenGL.framework; path = System/Library/Frameworks/OpenGL.framework; sourceTree = SDKROOT; };
		31F7A220285A2BD0002A5A29 /* GLUT.framework */ = {isa = PBXFileReference; lastKnownFileType = wrapper.framework; name = GLUT.framework; path = System/Library/Frameworks/GLUT.framework; sourceTree = SDKROOT; };
		31F7A222285A2BE4002A5A29 /* libGLEW.2.2.0.dylib */ = {isa = PBXFileReference; lastKnownFileType = "compiled.mach-o.dylib"; name = libGLEW.2.2.0.dylib; path = ../../../../../usr/local/Cellar/glew/2.2.0_1/lib/libGLEW.2.2.0.dylib; sourceTree = "<group>"; };
		31F7A224285A2BF3002A5A29 /* glfw */ = {isa = PBXFileReference; lastKnownFileType = folder; name = glfw; path = ../../../../../usr/local/Cellar/glfw; sourceTree = "<group>"; };
		31F7A226285A2C07002A5A29 /* libglfw.3.3.dylib */ = {isa = PBXFileReference; lastKnownFileType = "compiled.mach-o.dylib"; name = libglfw.3.3.dylib; path = ../../../../../usr/local/Cellar/glfw/3.3.6/lib/libglfw.3.3.dylib; sourceTree = "<group>"; };
		31F7A228285A2C7D002A5A29 /* scene4_07_transparent_sphere_1.0.txt */ = {isa = PBXFileReference; fileEncoding = 4; lastKnownFileType = text; path = scene4_07_transparent_sphere_1.0.txt; sourceTree = "<group>"; };
		31F7A229285A2C7D002A5A29 /* scene4_03_mirrored_floor.txt */ = {isa = PBXFileReference; fileEncoding = 4; lastKnownFileType = text; path = scene4_03_mirrored_floor.txt; sourceTree = "<group>"; };
		31F7A22A285A2C7D002A5A29 /* scene4_12_point_light_circle_d_attenuation.txt */ = {isa = PBXFileReference; fileEncoding = 4; lastKnownFileType = text; path = scene4_12_point_light_circle_d_attenuation.txt; sourceTree = "<group>"; };
		31F7A22B285A2C7D002A5A29 /* scene4_13_point_light_circle_d2_attenuation.txt */ = {isa = PBXFileReference; fileEncoding = 4; lastKnownFileType = text; path = scene4_13_point_light_circle_d2_attenuation.txt; sourceTree = "<group>"; };
		31F7A22C285A2C7D002A5A29 /* scene4_14_faceted_gem.txt */ = {isa = PBXFileReference; fileEncoding = 4; lastKnownFileType = text; path = scene4_14_faceted_gem.txt; sourceTree = "<group>"; };
		31F7A22D285A2C7D002A5A29 /* scene4_08_transparent_sphere_1.1.txt */ = {isa = PBXFileReference; fileEncoding = 4; lastKnownFileType = text; path = scene4_08_transparent_sphere_1.1.txt; sourceTree = "<group>"; };
		31F7A22E285A2C7D002A5A29 /* scene4_04_reflective_sphere.txt */ = {isa = PBXFileReference; fileEncoding = 4; lastKnownFileType = text; path = scene4_04_reflective_sphere.txt; sourceTree = "<group>"; };
		31F7A22F285A2C7D002A5A29 /* scene4_02_colored_shadows.txt */ = {isa = PBXFileReference; fileEncoding = 4; lastKnownFileType = text; path = scene4_02_colored_shadows.txt; sourceTree = "<group>"; };
		31F7A230285A2C7D002A5A29 /* scene4_09_transparent_sphere_2.0.txt */ = {isa = PBXFileReference; fileEncoding = 4; lastKnownFileType = text; path = scene4_09_transparent_sphere_2.0.txt; sourceTree = "<group>"; };
		31F7A231285A2C7D002A5A29 /* scene4_05_transparent_bar.txt */ = {isa = PBXFileReference; fileEncoding = 4; lastKnownFileType = text; path = scene4_05_transparent_bar.txt; sourceTree = "<group>"; };
		31F7A232285A2C7E002A5A29 /* scene4_11_point_light_circle.txt */ = {isa = PBXFileReference; fileEncoding = 4; lastKnownFileType = text; path = scene4_11_point_light_circle.txt; sourceTree = "<group>"; };
		31F7A233285A2C7E002A5A29 /* scene4_01_sphere_shadow.txt */ = {isa = PBXFileReference; fileEncoding = 4; lastKnownFileType = text; path = scene4_01_sphere_shadow.txt; sourceTree = "<group>"; };
		31F7A234285A2C7E002A5A29 /* scene4_06_transparent_bars.txt */ = {isa = PBXFileReference; fileEncoding = 4; lastKnownFileType = text; path = scene4_06_transparent_bars.txt; sourceTree = "<group>"; };
		31F7A235285A2C7E002A5A29 /* scene4_10_point_light_distance.txt */ = {isa = PBXFileReference; fileEncoding = 4; lastKnownFileType = text; path = scene4_10_point_light_distance.txt; sourceTree = "<group>"; };
/* End PBXFileReference section */

/* Begin PBXFrameworksBuildPhase section */
		31F7A1CE28589695002A5A29 /* Frameworks */ = {
			isa = PBXFrameworksBuildPhase;
			buildActionMask = 2147483647;
			files = (
				31F7A227285A2C07002A5A29 /* libglfw.3.3.dylib in Frameworks */,
				31F7A223285A2BE4002A5A29 /* libGLEW.2.2.0.dylib in Frameworks */,
				31F7A221285A2BD0002A5A29 /* GLUT.framework in Frameworks */,
				31F7A21F285A2BCA002A5A29 /* OpenGL.framework in Frameworks */,
			);
			runOnlyForDeploymentPostprocessing = 0;
		};
/* End PBXFrameworksBuildPhase section */

/* Begin PBXGroup section */
		31F7A1C828589694002A5A29 = {
			isa = PBXGroup;
			children = (
				31F7A1D328589695002A5A29 /* Assignment4 */,
				31F7A1D228589695002A5A29 /* Products */,
				31F7A21D285A2BCA002A5A29 /* Frameworks */,
			);
			sourceTree = "<group>";
		};
		31F7A1D228589695002A5A29 /* Products */ = {
			isa = PBXGroup;
			children = (
				31F7A1D128589695002A5A29 /* Assignment4 */,
			);
			name = Products;
			sourceTree = "<group>";
		};
		31F7A1D328589695002A5A29 /* Assignment4 */ = {
			isa = PBXGroup;
			children = (
				31F7A21528589798002A5A29 /* Assignment4.entitlements */,
				31F7A233285A2C7E002A5A29 /* scene4_01_sphere_shadow.txt */,
				31F7A22F285A2C7D002A5A29 /* scene4_02_colored_shadows.txt */,
				31F7A229285A2C7D002A5A29 /* scene4_03_mirrored_floor.txt */,
				31F7A22E285A2C7D002A5A29 /* scene4_04_reflective_sphere.txt */,
				31F7A231285A2C7D002A5A29 /* scene4_05_transparent_bar.txt */,
				31F7A234285A2C7E002A5A29 /* scene4_06_transparent_bars.txt */,
				31F7A228285A2C7D002A5A29 /* scene4_07_transparent_sphere_1.0.txt */,
				31F7A22D285A2C7D002A5A29 /* scene4_08_transparent_sphere_1.1.txt */,
				31F7A230285A2C7D002A5A29 /* scene4_09_transparent_sphere_2.0.txt */,
				31F7A235285A2C7E002A5A29 /* scene4_10_point_light_distance.txt */,
				31F7A232285A2C7E002A5A29 /* scene4_11_point_light_circle.txt */,
				31F7A22A285A2C7D002A5A29 /* scene4_12_point_light_circle_d_attenuation.txt */,
				31F7A22B285A2C7D002A5A29 /* scene4_13_point_light_circle_d2_attenuation.txt */,
				31F7A22C285A2C7D002A5A29 /* scene4_14_faceted_gem.txt */,
				31F7A1EE285896F9002A5A29 /* rayTracer */,
				31F7A1ED285896F3002A5A29 /* obj */,
				31F7A1E5285896D4002A5A29 /* common */,
				31F7A1DE285896CA002A5A29 /* bunny_1k.obj */,
				31F7A1DC285896CA002A5A29 /* bunny_200.obj */,
				31F7A1E1285896CA002A5A29 /* cube.obj */,
				31F7A21628589FBE002A5A29 /* diamond.obj */,
				31F7A1DF285896CA002A5A29 /* extern.hpp */,
				31F7A1E2285896CA002A5A29 /* glCanvas.cpp */,
				31F7A1DD285896CA002A5A29 /* glCanvas.hpp */,
				31F7A1DB285896CA002A5A29 /* scene_parser.cpp */,
				31F7A1E0285896CA002A5A29 /* scene_parser.hpp */,
				31F7A1D428589695002A5A29 /* main.cpp */,
			);
			path = Assignment4;
			sourceTree = "<group>";
		};
		31F7A1E5285896D4002A5A29 /* common */ = {
			isa = PBXGroup;
			children = (
				31F7A1E7285896ED002A5A29 /* image.cpp */,
				31F7A1E6285896ED002A5A29 /* image.hpp */,
				31F7A1EA285896ED002A5A29 /* matrix.cpp */,
				31F7A1E8285896ED002A5A29 /* matrix.hpp */,
				31F7A1E9285896ED002A5A29 /* vectors.hpp */,
			);
			path = common;
			sourceTree = "<group>";
		};
		31F7A1ED285896F3002A5A29 /* obj */ = {
			isa = PBXGroup;
			children = (
				31F7A1F02858970C002A5A29 /* cone.cpp */,
				31F7A1F42858970C002A5A29 /* cone.hpp */,
				31F7A1FA2858970C002A5A29 /* cylinder.cpp */,
				31F7A1F52858970C002A5A29 /* cylinder.hpp */,
				31F7A1FC2858970C002A5A29 /* group.cpp */,
				31F7A1F22858970C002A5A29 /* group.hpp */,
				31F7A1F12858970C002A5A29 /* object3d.hpp */,
				31F7A1F72858970C002A5A29 /* plane.cpp */,
				31F7A1FD2858970C002A5A29 /* plane.hpp */,
				31F7A1F82858970C002A5A29 /* sphere.cpp */,
				31F7A1F62858970C002A5A29 /* sphere.hpp */,
				31F7A1F92858970C002A5A29 /* transform.cpp */,
				31F7A1F32858970C002A5A29 /* transform.hpp */,
				31F7A1FB2858970C002A5A29 /* triangle.cpp */,
				31F7A1EF2858970C002A5A29 /* triangle.hpp */,
			);
			path = obj;
			sourceTree = "<group>";
		};
		31F7A1EE285896F9002A5A29 /* rayTracer */ = {
			isa = PBXGroup;
			children = (
				31F7A20F28589724002A5A29 /* camera.hpp */,
				31F7A20528589724002A5A29 /* hit.hpp */,
				31F7A20C28589724002A5A29 /* light.cpp */,
				31F7A20628589724002A5A29 /* light.hpp */,
				31F7A20928589724002A5A29 /* material.hpp */,
				31F7A20B28589724002A5A29 /* orthographic_camera.cpp */,
				31F7A20728589724002A5A29 /* orthographic_camera.hpp */,
				31F7A20828589724002A5A29 /* perspective_camera.cpp */,
				31F7A21028589724002A5A29 /* perspective_camera.hpp */,
				31F7A20E28589724002A5A29 /* phong_material.cpp */,
				31F7A20A28589724002A5A29 /* phong_material.hpp */,
				31F7A20D28589724002A5A29 /* ray.hpp */,
				31F7A2172858A6A8002A5A29 /* ray_tracer.cpp */,
				31F7A2182858A6A8002A5A29 /* ray_tracer.hpp */,
				31F7A21A2859FA62002A5A29 /* rayTree.cpp */,
				31F7A21B2859FA62002A5A29 /* rayTree.hpp */,
			);
			path = rayTracer;
			sourceTree = "<group>";
		};
		31F7A21D285A2BCA002A5A29 /* Frameworks */ = {
			isa = PBXGroup;
			children = (
				31F7A226285A2C07002A5A29 /* libglfw.3.3.dylib */,
				31F7A224285A2BF3002A5A29 /* glfw */,
				31F7A222285A2BE4002A5A29 /* libGLEW.2.2.0.dylib */,
				31F7A220285A2BD0002A5A29 /* GLUT.framework */,
				31F7A21E285A2BCA002A5A29 /* OpenGL.framework */,
			);
			name = Frameworks;
			sourceTree = "<group>";
		};
/* End PBXGroup section */

/* Begin PBXNativeTarget section */
		31F7A1D028589695002A5A29 /* Assignment4 */ = {
			isa = PBXNativeTarget;
			buildConfigurationList = 31F7A1D828589695002A5A29 /* Build configuration list for PBXNativeTarget "Assignment4" */;
			buildPhases = (
				31F7A1CD28589695002A5A29 /* Sources */,
				31F7A1CE28589695002A5A29 /* Frameworks */,
				31F7A1CF28589695002A5A29 /* CopyFiles */,
			);
			buildRules = (
			);
			dependencies = (
			);
			name = Assignment4;
			productName = Assignment4;
			productReference = 31F7A1D128589695002A5A29 /* Assignment4 */;
			productType = "com.apple.product-type.tool";
		};
/* End PBXNativeTarget section */

/* Begin PBXProject section */
		31F7A1C928589694002A5A29 /* Project object */ = {
			isa = PBXProject;
			attributes = {
				BuildIndependentTargetsInParallel = 1;
				LastUpgradeCheck = 1340;
				TargetAttributes = {
					31F7A1D028589695002A5A29 = {
						CreatedOnToolsVersion = 13.4.1;
					};
				};
			};
			buildConfigurationList = 31F7A1CC28589694002A5A29 /* Build configuration list for PBXProject "Assignment4" */;
			compatibilityVersion = "Xcode 13.0";
			developmentRegion = en;
			hasScannedForEncodings = 0;
			knownRegions = (
				en,
				Base,
			);
			mainGroup = 31F7A1C828589694002A5A29;
			productRefGroup = 31F7A1D228589695002A5A29 /* Products */;
			projectDirPath = "";
			projectRoot = "";
			targets = (
				31F7A1D028589695002A5A29 /* Assignment4 */,
			);
		};
/* End PBXProject section */

/* Begin PBXSourcesBuildPhase section */
		31F7A1CD28589695002A5A29 /* Sources */ = {
			isa = PBXSourcesBuildPhase;
			buildActionMask = 2147483647;
			files = (
				31F7A1EC285896ED002A5A29 /* matrix.cpp in Sources */,
				31F7A1D528589695002A5A29 /* main.cpp in Sources */,
				31F7A2012858970C002A5A29 /* transform.cpp in Sources */,
				31F7A2042858970C002A5A29 /* group.cpp in Sources */,
				31F7A2192858A6A8002A5A29 /* ray_tracer.cpp in Sources */,
				31F7A2022858970C002A5A29 /* cylinder.cpp in Sources */,
				31F7A2002858970C002A5A29 /* sphere.cpp in Sources */,
				31F7A1FF2858970C002A5A29 /* plane.cpp in Sources */,
				31F7A21C2859FA62002A5A29 /* rayTree.cpp in Sources */,
				31F7A21128589724002A5A29 /* perspective_camera.cpp in Sources */,
				31F7A21328589724002A5A29 /* light.cpp in Sources */,
				31F7A21228589724002A5A29 /* orthographic_camera.cpp in Sources */,
				31F7A1FE2858970C002A5A29 /* cone.cpp in Sources */,
				31F7A1EB285896ED002A5A29 /* image.cpp in Sources */,
				31F7A1E4285896CA002A5A29 /* glCanvas.cpp in Sources */,
				31F7A21428589724002A5A29 /* phong_material.cpp in Sources */,
				31F7A1E3285896CA002A5A29 /* scene_parser.cpp in Sources */,
				31F7A2032858970C002A5A29 /* triangle.cpp in Sources */,
			);
			runOnlyForDeploymentPostprocessing = 0;
		};
/* End PBXSourcesBuildPhase section */

/* Begin XCBuildConfiguration section */
		31F7A1D628589695002A5A29 /* Debug */ = {
			isa = XCBuildConfiguration;
			buildSettings = {
				ALWAYS_SEARCH_USER_PATHS = NO;
				CLANG_ANALYZER_NONNULL = YES;
				CLANG_ANALYZER_NUMBER_OBJECT_CONVERSION = YES_AGGRESSIVE;
				CLANG_CXX_LANGUAGE_STANDARD = "gnu++17";
				CLANG_ENABLE_MODULES = YES;
				CLANG_ENABLE_OBJC_ARC = YES;
				CLANG_ENABLE_OBJC_WEAK = YES;
				CLANG_WARN_BLOCK_CAPTURE_AUTORELEASING = YES;
				CLANG_WARN_BOOL_CONVERSION = YES;
				CLANG_WARN_COMMA = YES;
				CLANG_WARN_CONSTANT_CONVERSION = YES;
				CLANG_WARN_DEPRECATED_OBJC_IMPLEMENTATIONS = YES;
				CLANG_WARN_DIRECT_OBJC_ISA_USAGE = YES_ERROR;
				CLANG_WARN_DOCUMENTATION_COMMENTS = YES;
				CLANG_WARN_EMPTY_BODY = YES;
				CLANG_WARN_ENUM_CONVERSION = YES;
				CLANG_WARN_INFINITE_RECURSION = YES;
				CLANG_WARN_INT_CONVERSION = YES;
				CLANG_WARN_NON_LITERAL_NULL_CONVERSION = YES;
				CLANG_WARN_OBJC_IMPLICIT_RETAIN_SELF = YES;
				CLANG_WARN_OBJC_LITERAL_CONVERSION = YES;
				CLANG_WARN_OBJC_ROOT_CLASS = YES_ERROR;
				CLANG_WARN_QUOTED_INCLUDE_IN_FRAMEWORK_HEADER = YES;
				CLANG_WARN_RANGE_LOOP_ANALYSIS = YES;
				CLANG_WARN_STRICT_PROTOTYPES = YES;
				CLANG_WARN_SUSPICIOUS_MOVE = YES;
				CLANG_WARN_UNGUARDED_AVAILABILITY = YES_AGGRESSIVE;
				CLANG_WARN_UNREACHABLE_CODE = YES;
				CLANG_WARN__DUPLICATE_METHOD_MATCH = YES;
				COPY_PHASE_STRIP = NO;
				DEBUG_INFORMATION_FORMAT = dwarf;
				ENABLE_STRICT_OBJC_MSGSEND = YES;
				ENABLE_TESTABILITY = YES;
				GCC_C_LANGUAGE_STANDARD = gnu11;
				GCC_DYNAMIC_NO_PIC = NO;
				GCC_NO_COMMON_BLOCKS = YES;
				GCC_OPTIMIZATION_LEVEL = 0;
				GCC_PREPROCESSOR_DEFINITIONS = (
					"DEBUG=1",
					"$(inherited)",
				);
				GCC_WARN_64_TO_32_BIT_CONVERSION = YES;
				GCC_WARN_ABOUT_RETURN_TYPE = YES_ERROR;
				GCC_WARN_UNDECLARED_SELECTOR = YES;
				GCC_WARN_UNINITIALIZED_AUTOS = YES_AGGRESSIVE;
				GCC_WARN_UNUSED_FUNCTION = YES;
				GCC_WARN_UNUSED_VARIABLE = YES;
				MACOSX_DEPLOYMENT_TARGET = 12.3;
				MTL_ENABLE_DEBUG_INFO = INCLUDE_SOURCE;
				MTL_FAST_MATH = YES;
				ONLY_ACTIVE_ARCH = YES;
				SDKROOT = macosx;
			};
			name = Debug;
		};
		31F7A1D728589695002A5A29 /* Release */ = {
			isa = XCBuildConfiguration;
			buildSettings = {
				ALWAYS_SEARCH_USER_PATHS = NO;
				CLANG_ANALYZER_NONNULL = YES;
				CLANG_ANALYZER_NUMBER_OBJECT_CONVERSION = YES_AGGRESSIVE;
				CLANG_CXX_LANGUAGE_STANDARD = "gnu++17";
				CLANG_ENABLE_MODULES = YES;
				CLANG_ENABLE_OBJC_ARC = YES;
				CLANG_ENABLE_OBJC_WEAK = YES;
				CLANG_WARN_BLOCK_CAPTURE_AUTORELEASING = YES;
				CLANG_WARN_BOOL_CONVERSION = YES;
				CLANG_WARN_COMMA = YES;
				CLANG_WARN_CONSTANT_CONVERSION = YES;
				CLANG_WARN_DEPRECATED_OBJC_IMPLEMENTATIONS = YES;
				CLANG_WARN_DIRECT_OBJC_ISA_USAGE = YES_ERROR;
				CLANG_WARN_DOCUMENTATION_COMMENTS = YES;
				CLANG_WARN_EMPTY_BODY = YES;
				CLANG_WARN_ENUM_CONVERSION = YES;
				CLANG_WARN_INFINITE_RECURSION = YES;
				CLANG_WARN_INT_CONVERSION = YES;
				CLANG_WARN_NON_LITERAL_NULL_CONVERSION = YES;
				CLANG_WARN_OBJC_IMPLICIT_RETAIN_SELF = YES;
				CLANG_WARN_OBJC_LITERAL_CONVERSION = YES;
				CLANG_WARN_OBJC_ROOT_CLASS = YES_ERROR;
				CLANG_WARN_QUOTED_INCLUDE_IN_FRAMEWORK_HEADER = YES;
				CLANG_WARN_RANGE_LOOP_ANALYSIS = YES;
				CLANG_WARN_STRICT_PROTOTYPES = YES;
				CLANG_WARN_SUSPICIOUS_MOVE = YES;
				CLANG_WARN_UNGUARDED_AVAILABILITY = YES_AGGRESSIVE;
				CLANG_WARN_UNREACHABLE_CODE = YES;
				CLANG_WARN__DUPLICATE_METHOD_MATCH = YES;
				COPY_PHASE_STRIP = NO;
				DEBUG_INFORMATION_FORMAT = "dwarf-with-dsym";
				ENABLE_NS_ASSERTIONS = NO;
				ENABLE_STRICT_OBJC_MSGSEND = YES;
				GCC_C_LANGUAGE_STANDARD = gnu11;
				GCC_NO_COMMON_BLOCKS = YES;
				GCC_WARN_64_TO_32_BIT_CONVERSION = YES;
				GCC_WARN_ABOUT_RETURN_TYPE = YES_ERROR;
				GCC_WARN_UNDECLARED_SELECTOR = YES;
				GCC_WARN_UNINITIALIZED_AUTOS = YES_AGGRESSIVE;
				GCC_WARN_UNUSED_FUNCTION = YES;
				GCC_WARN_UNUSED_VARIABLE = YES;
				MACOSX_DEPLOYMENT_TARGET = 12.3;
				MTL_ENABLE_DEBUG_INFO = NO;
				MTL_FAST_MATH = YES;
				SDKROOT = macosx;
			};
			name = Release;
		};
		31F7A1D928589695002A5A29 /* Debug */ = {
			isa = XCBuildConfiguration;
			buildSettings = {
				CODE_SIGN_ENTITLEMENTS = Assignment4/Assignment4.entitlements;
				CODE_SIGN_STYLE = Automatic;
				DEVELOPMENT_TEAM = S34XU5PV4F;
				ENABLE_HARDENED_RUNTIME = YES;
				HEADER_SEARCH_PATHS = (
					"${glew_header}",
					"${glfw_header}",
				);
				LIBRARY_SEARCH_PATHS = (
					"${glew_lib}",
					"${glfw_lib}",
					/usr/local/Cellar/glew/2.2.0_1/lib,
					/usr/local/Cellar/glfw/3.3.6/lib,
				);
				PRODUCT_NAME = "$(TARGET_NAME)";
			};
			name = Debug;
		};
		31F7A1DA28589695002A5A29 /* Release */ = {
			isa = XCBuildConfiguration;
			buildSettings = {
				CODE_SIGN_ENTITLEMENTS = Assignment4/Assignment4.entitlements;
				CODE_SIGN_STYLE = Automatic;
				DEVELOPMENT_TEAM = S34XU5PV4F;
				ENABLE_HARDENED_RUNTIME = YES;
				HEADER_SEARCH_PATHS = (
					"${glew_header}",
					"${glfw_header}",
				);
				LIBRARY_SEARCH_PATHS = (
					"${glew_lib}",
					"${glfw_lib}",
					/usr/local/Cellar/glew/2.2.0_1/lib,
					/usr/local/Cellar/glfw/3.3.6/lib,
				);
				PRODUCT_NAME = "$(TARGET_NAME)";
			};
			name = Release;
		};
/* End XCBuildConfiguration section */

/* Begin XCConfigurationList section */
		31F7A1CC28589694002A5A29 /* Build configuration list for PBXProject "Assignment4" */ = {
			isa = XCConfigurationList;
			buildConfigurations = (
				31F7A1D628589695002A5A29 /* Debug */,
				31F7A1D728589695002A5A29 /* Release */,
			);
			defaultConfigurationIsVisible = 0;
			defaultConfigurationName = Release;
		};
		31F7A1D828589695002A5A29 /* Build configuration list for PBXNativeTarget "Assignment4" */ = {
			isa = XCConfigurationList;
			buildConfigurations = (
				31F7A1D928589695002A5A29 /* Debug */,
				31F7A1DA28589695002A5A29 /* Release */,
			);
			defaultConfigurationIsVisible = 0;
			defaultConfigurationName = Release;
		};
/* End XCConfigurationList section */
	};
	rootObject = 31F7A1C928589694002A5A29 /* Project object */;
}
